<?xml version="1.0" encoding="UTF-8"?>
<CONFIG>
  <ProjectOptions>
    <Version Value="9"/>
    <PathDelim Value="\"/>
    <General>
      <SessionStorage Value="InProjectDir"/>
      <MainUnit Value="0"/>
      <Title Value="Notepas"/>
      <UseAppBundle Value="False"/>
      <ResourceType Value="res"/>
      <UseXPManifest Value="True"/>
      <XPManifest>
        <DpiAware Value="True"/>
      </XPManifest>
      <Icon Value="0"/>
    </General>
    <i18n>
      <EnableI18N Value="True"/>
      <OutDir Value="language"/>
    </i18n>
    <VersionInfo>
      <UseVersionInfo Value="True"/>
      <AutoIncrementBuild Value="True"/>
      <MinorVersionNr Value="9"/>
      <RevisionNr Value="9"/>
      <BuildNr Value="60"/>
      <StringTable Comments="Text editor for developers" CompanyName="Tim Sinaeve" FileDescription="Notepas text editor" InternalName="Notepas" LegalCopyright="(c) 2013 Tim Sinaeve" OriginalFilename="Notepas.exe" ProductName="Notepas" ProductVersion="0.9.9" URL="http://code.google.com/p/notepas/"/>
    </VersionInfo>
    <BuildModes Count="8">
      <Item1 Name="Default" Default="True"/>
      <Item2 Name="Debug">
        <CompilerOptions>
          <Version Value="11"/>
          <PathDelim Value="\"/>
          <Target>
            <Filename Value="Notepas"/>
          </Target>
          <SearchPaths>
            <IncludeFiles Value="$(ProjOutDir);..\..\components\tslib\core"/>
            <OtherUnitFiles Value="..\..\components\tslib;..\..\components\tslib\components;..\..\components\tslib\core;..\..\components\tslib\editor;..\..\components\tslib\richeditor;..\..\components\tslib\editor\toolview;..\..\components\tslib\editor\settings;..\..\components\tslib\editor\settingsdialog"/>
            <UnitOutputDirectory Value="lib"/>
          </SearchPaths>
          <Parsing>
            <SyntaxOptions>
              <SyntaxMode Value="Delphi"/>
              <UseAnsiStrings Value="False"/>
            </SyntaxOptions>
          </Parsing>
          <CodeGeneration>
            <Checks>
              <IOChecks Value="True"/>
              <RangeChecks Value="True"/>
              <OverflowChecks Value="True"/>
              <StackChecks Value="True"/>
            </Checks>
            <TargetCPU Value="i386"/>
            <TargetOS Value="win32"/>
          </CodeGeneration>
          <Linking>
            <Debugging>
              <UseHeaptrc Value="True"/>
            </Debugging>
            <Options>
              <Win32>
                <GraphicApplication Value="True"/>
              </Win32>
            </Options>
          </Linking>
          <Other>
            <Verbosity>
              <ShowDebugInfo Value="True"/>
              <ShowSummary Value="True"/>
              <ShowHintsForUnusedUnitsInMainSrc Value="True"/>
            </Verbosity>
            <CompilerMessages>
              <IgnoredMessages idx5024="True"/>
              <UseMsgFile Value="True"/>
            </CompilerMessages>
            <CompilerPath Value="$(CompPath)"/>
            <ExecuteBefore>
              <CompileReasons Compile="False" Build="False" Run="False"/>
            </ExecuteBefore>
          </Other>
        </CompilerOptions>
      </Item2>
      <Item3 Name="Release win32 win32">
        <CompilerOptions>
          <Version Value="11"/>
          <PathDelim Value="\"/>
          <Target>
            <Filename Value="bin\$(TargetCPU)-$(TargetOS)-$(LCLWidgetType)\Notepas-$(TargetCPU)"/>
          </Target>
          <SearchPaths>
            <IncludeFiles Value="$(ProjOutDir)"/>
            <OtherUnitFiles Value="..\..\components\tslib\components;..\..\components\tslib\core;..\..\components\tslib\editor;..\..\components\tslib\editor\settings;..\..\components\tslib\editor\settingsdialog;..\..\components\tslib\editor\toolview;..\..\components\tslib\richeditor;..\..\..\typhon\components\pl_LuiControls\source\multilog"/>
            <UnitOutputDirectory Value="lib\$(TargetCPU)-$(TargetOS)-$(LCLWidgetType)"/>
          </SearchPaths>
          <CodeGeneration>
            <SmartLinkUnit Value="True"/>
            <Checks>
              <IOChecks Value="True"/>
              <RangeChecks Value="True"/>
              <OverflowChecks Value="True"/>
            </Checks>
            <TargetCPU Value="i386"/>
            <TargetOS Value="win32"/>
            <Optimizations>
              <OptimizationLevel Value="2"/>
              <VariablesInRegisters Value="True"/>
            </Optimizations>
          </CodeGeneration>
          <Linking>
            <Debugging>
              <GenerateDebugInfo Value="False"/>
              <UseLineInfoUnit Value="False"/>
              <StripSymbols Value="True"/>
            </Debugging>
            <LinkSmart Value="True"/>
            <Options>
              <Win32>
                <GraphicApplication Value="True"/>
              </Win32>
            </Options>
          </Linking>
          <Other>
            <Verbosity>
              <ShowDebugInfo Value="True"/>
              <ShowSummary Value="True"/>
              <ShowHintsForUnusedUnitsInMainSrc Value="True"/>
            </Verbosity>
            <CompilerMessages>
              <IgnoredMessages idx5024="True"/>
              <UseMsgFile Value="True"/>
            </CompilerMessages>
            <CompilerPath Value="$(CompPath)"/>
            <ExecuteAfter>
              <Command Value="$Path($(CompPath))\upx.exe $(TargetFile)"/>
            </ExecuteAfter>
          </Other>
        </CompilerOptions>
      </Item3>
      <Item4 Name="Release win64 win32">
        <CompilerOptions>
          <Version Value="11"/>
          <PathDelim Value="\"/>
          <Target>
            <Filename Value="bin\$(TargetCPU)-$(TargetOS)-$(LCLWidgetType)\Notepas-$(TargetCPU)"/>
          </Target>
          <SearchPaths>
            <IncludeFiles Value="$(ProjOutDir)"/>
            <OtherUnitFiles Value="..\..\components\tslib\components;..\..\components\tslib\core;..\..\components\tslib\editor;..\..\components\tslib\editor\settings;..\..\components\tslib\editor\settingsdialog;..\..\components\tslib\richeditor;..\..\..\typhon\components\pl_LuiControls\source\multilog"/>
            <UnitOutputDirectory Value="lib\$(TargetCPU)-$(TargetOS)-$(LCLWidgetType)"/>
          </SearchPaths>
          <CodeGeneration>
            <SmartLinkUnit Value="True"/>
            <Checks>
              <IOChecks Value="True"/>
              <RangeChecks Value="True"/>
              <OverflowChecks Value="True"/>
            </Checks>
            <TargetCPU Value="x86_64"/>
            <TargetOS Value="win64"/>
            <Optimizations>
              <OptimizationLevel Value="2"/>
              <VariablesInRegisters Value="True"/>
            </Optimizations>
          </CodeGeneration>
          <Linking>
            <Debugging>
              <GenerateDebugInfo Value="False"/>
              <StripSymbols Value="True"/>
            </Debugging>
            <LinkSmart Value="True"/>
            <Options>
              <Win32>
                <GraphicApplication Value="True"/>
              </Win32>
            </Options>
          </Linking>
          <Other>
            <Verbosity>
              <ShowDebugInfo Value="True"/>
              <ShowSummary Value="True"/>
              <ShowHintsForUnusedUnitsInMainSrc Value="True"/>
            </Verbosity>
            <CompilerMessages>
              <IgnoredMessages idx5024="True"/>
              <UseMsgFile Value="True"/>
            </CompilerMessages>
            <CompilerPath Value="$(CompPath)"/>
            <ExecuteBefore>
              <CompileReasons Compile="False" Build="False" Run="False"/>
            </ExecuteBefore>
            <ExecuteAfter>
              <Command Value="C:\codetyphon\fpc\bin\x86_64-win64\upx.exe $(TargetFile)"/>
              <CompileReasons Compile="False" Build="False" Run="False"/>
            </ExecuteAfter>
          </Other>
        </CompilerOptions>
      </Item4>
      <Item5 Name="Release win32 qt">
        <MacroValues Count="1">
          <Macro1 Name="LCLWidgetType" Value="qt"/>
        </MacroValues>
        <CompilerOptions>
          <Version Value="11"/>
          <PathDelim Value="\"/>
          <Target>
            <Filename Value="bin\$(TargetCPU)-$(TargetOS)-$(LCLWidgetType)\Notepas"/>
          </Target>
          <SearchPaths>
            <IncludeFiles Value="$(ProjOutDir)"/>
            <OtherUnitFiles Value="..\..\components\tslib\components;..\..\components\tslib\core;..\..\components\tslib\editor;..\..\components\tslib\editor\toolview;..\..\components\tslib\editor\settings;..\..\components\tslib\editor\settingsdialog;..\..\components\tslib\richeditor;..\..\..\typhon\components\pl_LuiControls\source\multilog"/>
            <UnitOutputDirectory Value="lib\$(TargetCPU)-$(TargetOS)-$(LCLWidgetType)"/>
          </SearchPaths>
          <CodeGeneration>
            <SmartLinkUnit Value="True"/>
            <Checks>
              <IOChecks Value="True"/>
              <RangeChecks Value="True"/>
              <OverflowChecks Value="True"/>
            </Checks>
            <TargetCPU Value="i386"/>
            <TargetOS Value="win32"/>
            <Optimizations>
              <OptimizationLevel Value="2"/>
              <VariablesInRegisters Value="True"/>
            </Optimizations>
            <SmallerCode Value="True"/>
          </CodeGeneration>
          <Linking>
            <Debugging>
              <GenerateDebugInfo Value="False"/>
              <UseLineInfoUnit Value="False"/>
              <StripSymbols Value="True"/>
            </Debugging>
            <LinkSmart Value="True"/>
            <Options>
              <Win32>
                <GraphicApplication Value="True"/>
              </Win32>
            </Options>
          </Linking>
          <Other>
            <Verbosity>
              <ShowDebugInfo Value="True"/>
              <ShowSummary Value="True"/>
              <ShowHintsForUnusedUnitsInMainSrc Value="True"/>
            </Verbosity>
            <CompilerMessages>
              <IgnoredMessages idx5024="True"/>
              <UseMsgFile Value="True"/>
            </CompilerMessages>
            <CompilerPath Value="$(CompPath)"/>
            <ExecuteAfter>
              <Command Value="$Path($(CompPath))\upx.exe $(TargetFile)"/>
            </ExecuteAfter>
          </Other>
        </CompilerOptions>
      </Item5>
      <Item6 Name="Release win32 gtk2">
        <MacroValues Count="2">
          <Macro2 Name="LCLWidgetType" Value="gtk2"/>
          <Macro3 Name="fpGUIPlatform"/>
        </MacroValues>
        <CompilerOptions>
          <Version Value="11"/>
          <PathDelim Value="\"/>
          <Target>
            <Filename Value="bin\$(TargetCPU)-$(TargetOS)-$(LCLWidgetType)\Notepas"/>
          </Target>
          <SearchPaths>
            <IncludeFiles Value="$(ProjOutDir)"/>
            <OtherUnitFiles Value="..\..\components\tslib\components;..\..\components\tslib\core;..\..\components\tslib\editor;..\..\components\tslib\editor\settings;..\..\components\tslib\editor\settingsdialog;..\..\components\tslib\editor\toolview;..\..\components\tslib\richeditor;..\..\..\typhon\components\pl_LuiControls\source\multilog"/>
            <UnitOutputDirectory Value="lib\$(TargetCPU)-$(TargetOS)-$(LCLWidgetType)"/>
          </SearchPaths>
          <CodeGeneration>
            <SmartLinkUnit Value="True"/>
            <Checks>
              <IOChecks Value="True"/>
              <RangeChecks Value="True"/>
              <OverflowChecks Value="True"/>
            </Checks>
            <TargetCPU Value="i386"/>
            <TargetOS Value="win32"/>
            <Optimizations>
              <OptimizationLevel Value="2"/>
              <VariablesInRegisters Value="True"/>
            </Optimizations>
            <SmallerCode Value="True"/>
          </CodeGeneration>
          <Linking>
            <Debugging>
              <GenerateDebugInfo Value="False"/>
              <UseLineInfoUnit Value="False"/>
              <StripSymbols Value="True"/>
            </Debugging>
            <LinkSmart Value="True"/>
            <Options>
              <Win32>
                <GraphicApplication Value="True"/>
              </Win32>
            </Options>
          </Linking>
          <Other>
            <Verbosity>
              <ShowDebugInfo Value="True"/>
              <ShowSummary Value="True"/>
              <ShowHintsForUnusedUnitsInMainSrc Value="True"/>
            </Verbosity>
            <CompilerMessages>
              <IgnoredMessages idx5024="True"/>
              <UseMsgFile Value="True"/>
            </CompilerMessages>
            <CompilerPath Value="$(CompPath)"/>
            <ExecuteAfter>
              <Command Value="$Path($(CompPath))\upx.exe $(TargetFile)"/>
              <CompileReasons Compile="False" Build="False" Run="False"/>
            </ExecuteAfter>
          </Other>
        </CompilerOptions>
      </Item6>
      <Item7 Name="Release linux32 qt">
        <MacroValues Count="1">
          <Macro1 Name="LCLWidgetType" Value="qt"/>
        </MacroValues>
        <CompilerOptions>
          <Version Value="11"/>
          <PathDelim Value="\"/>
          <Target>
            <Filename Value="bin\$(TargetCPU)-$(TargetOS)-$(LCLWidgetType)\Notepas"/>
          </Target>
          <SearchPaths>
            <IncludeFiles Value="$(ProjOutDir)"/>
            <OtherUnitFiles Value="..\..\components\tslib\components;..\..\components\tslib\core;..\..\components\tslib\editor;..\..\components\tslib\editor\settings;..\..\components\tslib\editor\settingsdialog;..\..\components\tslib\richeditor;..\..\..\typhon\components\pl_LuiControls\source\multilog"/>
            <UnitOutputDirectory Value="lib\$(TargetCPU)-$(TargetOS)"/>
          </SearchPaths>
          <CodeGeneration>
            <SmartLinkUnit Value="True"/>
            <Checks>
              <IOChecks Value="True"/>
              <RangeChecks Value="True"/>
              <OverflowChecks Value="True"/>
            </Checks>
            <TargetCPU Value="i386"/>
            <TargetOS Value="linux"/>
            <Optimizations>
              <VariablesInRegisters Value="True"/>
            </Optimizations>
            <SmallerCode Value="True"/>
          </CodeGeneration>
          <Linking>
            <Debugging>
              <GenerateDebugInfo Value="False"/>
              <UseLineInfoUnit Value="False"/>
            </Debugging>
            <LinkSmart Value="True"/>
            <Options>
              <Win32>
                <GraphicApplication Value="True"/>
              </Win32>
            </Options>
          </Linking>
          <Other>
            <Verbosity>
              <ShowDebugInfo Value="True"/>
              <ShowSummary Value="True"/>
              <ShowHintsForUnusedUnitsInMainSrc Value="True"/>
            </Verbosity>
            <CompilerMessages>
              <IgnoredMessages idx5024="True"/>
              <UseMsgFile Value="True"/>
            </CompilerMessages>
            <CompilerPath Value="$(CompPath)"/>
          </Other>
        </CompilerOptions>
      </Item7>
      <Item8 Name="Release linux32 gtk2">
        <MacroValues Count="1">
          <Macro2 Name="LCLWidgetType" Value="gtk2"/>
        </MacroValues>
        <CompilerOptions>
          <Version Value="11"/>
          <PathDelim Value="\"/>
          <Target>
            <Filename Value="bin\$(TargetCPU)-$(TargetOS)-$(LCLWidgetType)\Notepas"/>
          </Target>
          <SearchPaths>
            <IncludeFiles Value="$(ProjOutDir)"/>
            <OtherUnitFiles Value="..\..\components\tslib"/>
            <UnitOutputDirectory Value="lib\$(TargetCPU)-$(TargetOS)"/>
          </SearchPaths>
          <CodeGeneration>
            <SmartLinkUnit Value="True"/>
            <Checks>
              <IOChecks Value="True"/>
              <RangeChecks Value="True"/>
              <OverflowChecks Value="True"/>
            </Checks>
            <TargetCPU Value="i386"/>
            <TargetOS Value="linux"/>
            <Optimizations>
              <VariablesInRegisters Value="True"/>
            </Optimizations>
            <SmallerCode Value="True"/>
          </CodeGeneration>
          <Linking>
            <Debugging>
              <GenerateDebugInfo Value="False"/>
              <UseLineInfoUnit Value="False"/>
            </Debugging>
            <LinkSmart Value="True"/>
            <Options>
              <Win32>
                <GraphicApplication Value="True"/>
              </Win32>
            </Options>
          </Linking>
          <Other>
            <Verbosity>
              <ShowDebugInfo Value="True"/>
              <ShowSummary Value="True"/>
              <ShowHintsForUnusedUnitsInMainSrc Value="True"/>
            </Verbosity>
            <CompilerMessages>
              <IgnoredMessages idx5024="True"/>
              <UseMsgFile Value="True"/>
            </CompilerMessages>
            <CompilerPath Value="$(CompPath)"/>
          </Other>
        </CompilerOptions>
      </Item8>
      <SharedMatrixOptions Count="3">
        <Item1 ID="468994090888" Modes="Release win32 qt,Release linux32 qt" Type="IDEMacro" MacroName="LCLWidgetType" Value="qt"/>
        <Item2 ID="440664449299" Modes="Release win32 gtk2,Release linux32 gtk2" Type="IDEMacro" MacroName="LCLWidgetType" Value="gtk2"/>
        <Item3 ID="154453790704" Modes="Release win32 gtk2" Type="IDEMacro" MacroName="fpGUIPlatform"/>
      </SharedMatrixOptions>
    </BuildModes>
    <PublishOptions>
      <Version Value="2"/>
      <IncludeFileFilter Value="*.(pas|pp|inc|lfm|lpr|lrs|lpi|lpk|sh|xml)"/>
      <ExcludeFileFilter Value="*.(bak|ppu|o|so);*~;backup"/>
    </PublishOptions>
    <RunParams>
      <local>
        <FormatVersion Value="1"/>
        <LaunchingApplication Use="True"/>
      </local>
    </RunParams>
    <RequiredPackages Count="20">
      <Item1>
        <PackageName Value="Cody"/>
      </Item1>
      <Item2>
        <PackageName Value="LazControls"/>
      </Item2>
      <Item3>
        <PackageName Value="richmemopackage"/>
      </Item3>
      <Item4>
        <PackageName Value="pl_colorlib"/>
      </Item4>
      <Item5>
        <PackageName Value="pl_richview"/>
      </Item5>
      <Item6>
        <PackageName Value="pl_dwscript"/>
      </Item6>
      <Item7>
        <PackageName Value="pl_zmsql"/>
      </Item7>
      <Item8>
        <PackageName Value="pl_lazsolutions"/>
      </Item8>
      <Item9>
        <PackageName Value="pl_fzcontrols"/>
      </Item9>
      <Item10>
        <PackageName Value="SynEdit"/>
      </Item10>
      <Item11>
        <PackageName Value="pl_zeosdbocomp"/>
      </Item11>
      <Item12>
        <PackageName Value="pl_KControls"/>
      </Item12>
      <Item13>
        <PackageName Value="LazRichEdit"/>
      </Item13>
      <Item14>
        <PackageName Value="RunTimeTypeInfoControls"/>
      </Item14>
      <Item15>
        <PackageName Value="pl_luicontrols"/>
      </Item15>
      <Item16>
        <PackageName Value="pl_virtualtrees"/>
      </Item16>
      <Item17>
        <PackageName Value="pl_exsystem"/>
      </Item17>
      <Item18>
        <PackageName Value="FrameViewer09"/>
      </Item18>
      <Item19>
        <PackageName Value="FCL"/>
      </Item19>
      <Item20>
        <PackageName Value="LCL"/>
      </Item20>
    </RequiredPackages>
    <Units Count="118">
      <Unit0>
        <Filename Value="notepas.lpr"/>
        <IsPartOfProject Value="True"/>
        <UnitName Value="Notepas"/>
      </Unit0>
      <Unit1>
        <Filename Value="notepas_forms_main.pas"/>
        <IsPartOfProject Value="True"/>
        <ComponentName Value="frmMain"/>
        <HasResources Value="True"/>
        <ResourceBaseClass Value="Form"/>
        <UnitName Value="Notepas_Forms_Main"/>
      </Unit1>
      <Unit2>
        <Filename Value="Changes.txt"/>
        <IsPartOfProject Value="True"/>
      </Unit2>
      <Unit3>
        <Filename Value="..\..\components\tslib\core\ts.core.helpers.pas"/>
        <IsPartOfProject Value="True"/>
      </Unit3>
      <Unit4>
        <Filename Value="..\..\components\tslib\editor\ts.editor.interfaces.pas"/>
        <IsPartOfProject Value="True"/>
      </Unit4>
      <Unit5>
        <Filename Value="..\..\components\tslib\editor\ts.editor.helpers.pas"/>
        <IsPartOfProject Value="True"/>
      </Unit5>
      <Unit6>
        <Filename Value="..\..\components\tslib\editor\ts.editor.codeformatters.pas"/>
        <IsPartOfProject Value="True"/>
      </Unit6>
      <Unit7>
        <Filename Value="..\..\components\tslib\editor\ts.editor.highlighters.pas"/>
        <IsPartOfProject Value="True"/>
      </Unit7>
      <Unit8>
        <Filename Value="..\..\components\tslib\editor\ts.editor.utils.pas"/>
        <IsPartOfProject Value="True"/>
      </Unit8>
      <Unit9>
        <Filename Value="..\..\components\tslib\editor\ts.editor.highlighterattributes.pas"/>
        <IsPartOfProject Value="True"/>
      </Unit9>
      <Unit10>
        <Filename Value="..\..\components\tslib\core\ts.core.utils.pas"/>
        <IsPartOfProject Value="True"/>
      </Unit10>
      <Unit11>
        <Filename Value="..\..\components\tslib\core\ts.core.treeviewpresenter.pas"/>
        <IsPartOfProject Value="True"/>
        <UnitName Value="ts.Core.TreeViewPresenter"/>
      </Unit11>
      <Unit12>
        <Filename Value="..\..\components\tslib\components\ts.components.unihighlighter.pas"/>
        <IsPartOfProject Value="True"/>
      </Unit12>
      <Unit13>
        <Filename Value="..\..\components\tslib\components\ts.components.exportrtf.pas"/>
        <IsPartOfProject Value="True"/>
      </Unit13>
      <Unit14>
        <Filename Value="..\..\components\tslib\core\ts.core.columndefinitions.pas"/>
        <IsPartOfProject Value="True"/>
        <UnitName Value="ts.Core.ColumnDefinitions"/>
      </Unit14>
      <Unit15>
        <Filename Value="..\..\components\tslib\components\ts.components.xmltree.pas"/>
        <IsPartOfProject Value="True"/>
      </Unit15>
      <Unit16>
        <Filename Value="..\..\components\tslib\components\ts.components.xmltree.nodeattributes.pas"/>
        <IsPartOfProject Value="True"/>
      </Unit16>
      <Unit17>
        <Filename Value="..\..\components\tslib\core\ts.core.collections.pas"/>
        <IsPartOfProject Value="True"/>
      </Unit17>
      <Unit18>
        <Filename Value="..\..\components\tslib\components\ts.components.xmltree.editors.pas"/>
        <IsPartOfProject Value="True"/>
      </Unit18>
      <Unit19>
        <Filename Value="..\..\components\tslib\editor\ts_editor_resources.pas"/>
        <IsPartOfProject Value="True"/>
        <ComponentName Value="ResourcesDataModule"/>
        <HasResources Value="True"/>
        <ResourceBaseClass Value="DataModule"/>
        <UnitName Value="ts_Editor_Resources"/>
      </Unit19>
      <Unit20>
        <Filename Value="..\..\components\tslib\core\ts.core.columndefinitionsdatatemplate.pas"/>
        <IsPartOfProject Value="True"/>
      </Unit20>
      <Unit21>
        <Filename Value="..\..\components\tslib\editor\ts.editor.selection.pas"/>
        <IsPartOfProject Value="True"/>
      </Unit21>
      <Unit22>
        <Filename Value="..\..\components\tslib\core\ts.core.directorywatch.pas"/>
        <IsPartOfProject Value="True"/>
      </Unit22>
      <Unit23>
        <Filename Value="..\..\components\tslib\core\ts.core.formsettings.pas"/>
        <IsPartOfProject Value="True"/>
      </Unit23>
      <Unit24>
        <Filename Value="..\..\components\tslib\components\ts.components.gridview.pas"/>
        <IsPartOfProject Value="True"/>
        <UnitName Value="ts.Components.GridView"/>
      </Unit24>
      <Unit25>
        <Filename Value="..\..\components\tslib\components\ts.components.dbgridview.pas"/>
        <IsPartOfProject Value="True"/>
      </Unit25>
      <Unit26>
        <Filename Value="..\..\components\tslib\components\ts.components.docking.pas"/>
        <IsPartOfProject Value="True"/>
      </Unit26>
      <Unit27>
        <Filename Value="..\..\components\tslib\components\ts.components.fileassociation.pas"/>
        <IsPartOfProject Value="True"/>
      </Unit27>
      <Unit28>
        <Filename Value="..\..\components\tslib\core\ts.core.versioninfo.pas"/>
        <IsPartOfProject Value="True"/>
      </Unit28>
      <Unit29>
        <Filename Value="..\..\components\tslib\components\ts.components.inspector.pas"/>
        <IsPartOfProject Value="True"/>
        <UnitName Value="ts.Components.Inspector"/>
      </Unit29>
      <Unit30>
        <Filename Value="..\..\components\tslib\core\ts.core.stringutils.pas"/>
        <IsPartOfProject Value="True"/>
      </Unit30>
      <Unit31>
        <Filename Value="..\..\components\tslib\editor\ts.editor.codeformatters.sql.pas"/>
        <IsPartOfProject Value="True"/>
      </Unit31>
      <Unit32>
        <Filename Value="..\..\components\tslib\core\ts.core.nativexml.win32compat.pas"/>
        <IsPartOfProject Value="True"/>
      </Unit32>
      <Unit33>
        <Filename Value="..\..\components\tslib\core\ts.core.encodingutils.pas"/>
        <IsPartOfProject Value="True"/>
      </Unit33>
      <Unit34>
        <Filename Value="..\..\components\tslib\core\ts.core.nativexml.objectstorage.pas"/>
        <IsPartOfProject Value="True"/>
      </Unit34>
      <Unit35>
        <Filename Value="..\..\components\tslib\core\ts.core.datatemplates.pas"/>
        <IsPartOfProject Value="True"/>
      </Unit35>
      <Unit36>
        <Filename Value="..\..\components\tslib\core\ts.core.sqlscanner.pas"/>
        <IsPartOfProject Value="True"/>
      </Unit36>
      <Unit37>
        <Filename Value="..\..\components\tslib\core\ts.core.value.pas"/>
        <IsPartOfProject Value="True"/>
      </Unit37>
      <Unit38>
        <Filename Value="..\..\components\tslib\editor\ts.editor.searchengine.pas"/>
        <IsPartOfProject Value="True"/>
      </Unit38>
      <Unit39>
        <Filename Value="..\..\components\tslib\components\ts.components.synminimap.pas"/>
        <IsPartOfProject Value="True"/>
      </Unit39>
      <Unit40>
        <Filename Value="..\..\components\tslib\components\ts.components.multipanel.pas"/>
        <IsPartOfProject Value="True"/>
      </Unit40>
      <Unit41>
        <Filename Value="..\..\components\tslib\components\ts.components.docking.optionsdialog.pas"/>
        <IsPartOfProject Value="True"/>
        <ComponentName Value="AnchorDockOptionsFrame"/>
        <HasResources Value="True"/>
        <ResourceBaseClass Value="Frame"/>
      </Unit41>
      <Unit42>
        <Filename Value="..\..\components\tslib\components\ts.components.docking.resources.pas"/>
        <IsPartOfProject Value="True"/>
      </Unit42>
      <Unit43>
        <Filename Value="..\..\components\tslib\components\ts.components.docking.storage.pas"/>
        <IsPartOfProject Value="True"/>
      </Unit43>
      <Unit44>
        <Filename Value="..\..\components\tslib\components\ts.components.uniqueinstance.pas"/>
        <IsPartOfProject Value="True"/>
      </Unit44>
      <Unit45>
        <Filename Value="..\..\components\tslib\core\ts.core.brre.pas"/>
        <IsPartOfProject Value="True"/>
      </Unit45>
      <Unit46>
        <Filename Value="..\..\components\tslib\core\ts.core.brreunicode.pas"/>
        <IsPartOfProject Value="True"/>
      </Unit46>
      <Unit47>
        <Filename Value="..\..\components\tslib\core\ts.core.nativexml.debug.pas"/>
        <IsPartOfProject Value="True"/>
      </Unit47>
      <Unit48>
        <Filename Value="..\..\components\tslib\core\ts.core.nativexml.streams.pas"/>
        <IsPartOfProject Value="True"/>
      </Unit48>
      <Unit49>
        <Filename Value="..\..\components\tslib\core\ts.core.nativexml.stringtable.pas"/>
        <IsPartOfProject Value="True"/>
      </Unit49>
      <Unit50>
        <Filename Value="..\..\components\tslib\core\ts.Core.NativeXml.inc"/>
        <IsPartOfProject Value="True"/>
      </Unit50>
      <Unit51>
        <Filename Value="..\..\components\tslib\core\ts.core.codecutilswin32.pas"/>
        <IsPartOfProject Value="True"/>
      </Unit51>
      <Unit52>
        <Filename Value="..\..\components\tslib\core\ts.core.dbutils.pas"/>
        <IsPartOfProject Value="True"/>
      </Unit52>
      <Unit53>
        <Filename Value="..\..\components\tslib\core\ts.core.hashstrings.pas"/>
        <IsPartOfProject Value="True"/>
      </Unit53>
      <Unit54>
        <Filename Value="..\..\components\tslib\core\ts.core.keyvalues.pas"/>
        <IsPartOfProject Value="True"/>
      </Unit54>
      <Unit55>
        <Filename Value="..\..\components\tslib\core\ts.core.nativexml.pas"/>
        <IsPartOfProject Value="True"/>
      </Unit55>
      <Unit56>
        <Filename Value="..\..\components\tslib\core\ts.core.sqlparser.pas"/>
        <IsPartOfProject Value="True"/>
      </Unit56>
      <Unit57>
        <Filename Value="..\..\components\tslib\core\ts.core.sqltree.pas"/>
        <IsPartOfProject Value="True"/>
        <UnitName Value="ts.Core.SQLTree"/>
      </Unit57>
      <Unit58>
        <Filename Value="..\..\components\tslib\core\ts.core.xmlutils.pas"/>
        <IsPartOfProject Value="True"/>
      </Unit58>
      <Unit59>
        <Filename Value="..\..\components\tslib\editor\ts.editor.codetags.pas"/>
        <IsPartOfProject Value="True"/>
      </Unit59>
      <Unit60>
        <Filename Value="..\..\components\tslib\editor\ts.editor.commands.pas"/>
        <IsPartOfProject Value="True"/>
      </Unit60>
      <Unit61>
        <Filename Value="..\..\components\tslib\editor\ts.editor.commentstripper.pas"/>
        <IsPartOfProject Value="True"/>
      </Unit61>
      <Unit62>
        <Filename Value="..\..\components\tslib\richeditor\ts.richeditor.helpers.pas"/>
        <IsPartOfProject Value="True"/>
      </Unit62>
      <Unit63>
        <Filename Value="..\..\components\tslib\richeditor\ts.richeditor.interfaces.pas"/>
        <IsPartOfProject Value="True"/>
      </Unit63>
      <Unit64>
        <Filename Value="..\..\components\tslib\richeditor\ts.richeditor.manager.pas"/>
        <IsPartOfProject Value="True"/>
        <HasResources Value="True"/>
      </Unit64>
      <Unit65>
        <Filename Value="..\..\components\tslib\richeditor\ts.richeditor.textattributes.pas"/>
        <IsPartOfProject Value="True"/>
      </Unit65>
      <Unit66>
        <Filename Value="..\..\components\tslib\richeditor\ts.richeditor.view.pas"/>
        <IsPartOfProject Value="True"/>
        <ComponentName Value="RichEditorView"/>
        <HasResources Value="True"/>
        <ResourceBaseClass Value="Form"/>
      </Unit66>
      <Unit67>
        <Filename Value="..\..\components\tslib\core\ts.core.fileassociations.pas"/>
        <IsPartOfProject Value="True"/>
      </Unit67>
      <Unit68>
        <Filename Value="..\..\components\tslib\editor\SetupFiltersDialog.pas"/>
        <IsPartOfProject Value="True"/>
        <ComponentName Value="dlgSetupFilters"/>
        <HasResources Value="True"/>
        <ResourceBaseClass Value="Form"/>
        <UnitName Value="SetupFiltersDialog"/>
      </Unit68>
      <Unit69>
        <Filename Value="notepas.dws"/>
        <IsPartOfProject Value="True"/>
      </Unit69>
      <Unit70>
        <Filename Value="ideas.txt"/>
        <IsPartOfProject Value="True"/>
      </Unit70>
      <Unit71>
        <Filename Value="..\..\components\tslib\editor\toolview\ts_editor_toolview_actionlist.pas"/>
        <IsPartOfProject Value="True"/>
        <ComponentName Value="frmActionListView"/>
        <HasResources Value="True"/>
        <ResourceBaseClass Value="Form"/>
        <UnitName Value="ts_Editor_ToolView_ActionList"/>
      </Unit71>
      <Unit72>
        <Filename Value="..\..\components\tslib\editor\toolview\ts_editor_toolview_alignlines.pas"/>
        <IsPartOfProject Value="True"/>
        <ComponentName Value="frmAlignLines"/>
        <HasResources Value="True"/>
        <ResourceBaseClass Value="Form"/>
        <UnitName Value="ts_Editor_ToolView_AlignLines"/>
      </Unit72>
      <Unit73>
        <Filename Value="..\..\components\tslib\editor\toolview\ts_editor_toolview_base.pas"/>
        <IsPartOfProject Value="True"/>
        <ComponentName Value="CustomEditorToolView"/>
        <HasResources Value="True"/>
        <ResourceBaseClass Value="Form"/>
        <UnitName Value="ts_Editor_ToolView_Base"/>
      </Unit73>
      <Unit74>
        <Filename Value="..\..\components\tslib\editor\toolview\ts_editor_toolview_charactermap.pas"/>
        <IsPartOfProject Value="True"/>
        <ComponentName Value="frmCharacterMap"/>
        <HasResources Value="True"/>
        <ResourceBaseClass Value="Form"/>
        <UnitName Value="ts_Editor_ToolView_CharacterMap"/>
      </Unit74>
      <Unit75>
        <Filename Value="..\..\components\tslib\editor\toolview\ts_editor_toolview_codefilter.pas"/>
        <IsPartOfProject Value="True"/>
        <ComponentName Value="frmCodeFilterDialog"/>
        <HasResources Value="True"/>
        <ResourceBaseClass Value="Form"/>
        <UnitName Value="ts_Editor_ToolView_CodeFilter"/>
      </Unit75>
      <Unit76>
        <Filename Value="..\..\components\tslib\editor\toolview\ts_editor_toolview_codeshaper.pas"/>
        <IsPartOfProject Value="True"/>
        <ComponentName Value="frmCodeShaper"/>
        <HasResources Value="True"/>
        <ResourceBaseClass Value="Form"/>
        <UnitName Value="ts_Editor_ToolView_CodeShaper"/>
      </Unit76>
      <Unit77>
        <Filename Value="..\..\components\tslib\editor\toolview\ts_editor_toolview_hexeditor.pas"/>
        <IsPartOfProject Value="True"/>
        <ComponentName Value="frmHexEditor"/>
        <HasResources Value="True"/>
        <ResourceBaseClass Value="Form"/>
        <UnitName Value="ts_Editor_ToolView_HexEditor"/>
      </Unit77>
      <Unit78>
        <Filename Value="..\..\components\tslib\editor\toolview\ts_editor_toolview_htmlview.pas"/>
        <IsPartOfProject Value="True"/>
        <ComponentName Value="frmHTMLView"/>
        <HasResources Value="True"/>
        <ResourceBaseClass Value="Form"/>
        <UnitName Value="ts_Editor_ToolView_HTMLView"/>
      </Unit78>
      <Unit79>
        <Filename Value="..\..\components\tslib\editor\toolview\ts_editor_toolview_minimap.pas"/>
        <IsPartOfProject Value="True"/>
        <HasResources Value="True"/>
        <UnitName Value="ts_Editor_ToolView_MiniMap"/>
      </Unit79>
      <Unit80>
        <Filename Value="..\..\components\tslib\editor\toolview\ts_editor_toolview_preview.pas"/>
        <IsPartOfProject Value="True"/>
        <HasResources Value="True"/>
        <UnitName Value="ts_Editor_ToolView_Preview"/>
      </Unit80>
      <Unit81>
        <Filename Value="..\..\components\tslib\editor\toolview\ts_editor_toolview_scripteditor.pas"/>
        <IsPartOfProject Value="True"/>
        <HasResources Value="True"/>
        <UnitName Value="ts_Editor_ToolView_ScriptEditor"/>
      </Unit81>
      <Unit82>
        <Filename Value="..\..\components\tslib\editor\toolview\ts_editor_toolview_search.pas"/>
        <IsPartOfProject Value="True"/>
        <HasResources Value="True"/>
        <UnitName Value="ts_Editor_ToolView_Search"/>
      </Unit82>
      <Unit83>
        <Filename Value="..\..\components\tslib\editor\toolview\ts_editor_toolview_selectioninfo.pas"/>
        <IsPartOfProject Value="True"/>
        <HasResources Value="True"/>
        <UnitName Value="ts_Editor_ToolView_SelectionInfo"/>
      </Unit83>
      <Unit84>
        <Filename Value="..\..\components\tslib\editor\toolview\ts_editor_toolview_shortcuts.pas"/>
        <IsPartOfProject Value="True"/>
        <HasResources Value="True"/>
        <UnitName Value="ts_Editor_ToolView_Shortcuts"/>
      </Unit84>
      <Unit85>
        <Filename Value="..\..\components\tslib\editor\toolview\ts_editor_toolview_structure.pas"/>
        <IsPartOfProject Value="True"/>
        <ComponentName Value="frmStructure"/>
        <HasResources Value="True"/>
        <ResourceBaseClass Value="Form"/>
        <UnitName Value="ts_Editor_ToolView_Structure"/>
      </Unit85>
      <Unit86>
        <Filename Value="..\..\components\tslib\editor\toolview\ts_editor_toolview_test.pas"/>
        <IsPartOfProject Value="True"/>
        <ComponentName Value="frmTest"/>
        <HasResources Value="True"/>
        <ResourceBaseClass Value="Form"/>
        <UnitName Value="ts_Editor_ToolView_Test"/>
      </Unit86>
      <Unit87>
        <Filename Value="..\..\components\tslib\editor\toolview\ts_editor_toolview_viewlist.pas"/>
        <IsPartOfProject Value="True"/>
        <HasResources Value="True"/>
        <UnitName Value="ts_Editor_ToolView_ViewList"/>
      </Unit87>
      <Unit88>
        <Filename Value="..\..\components\tslib\editor\settings\ts.editor.settings.alignlines.pas"/>
        <IsPartOfProject Value="True"/>
      </Unit88>
      <Unit89>
        <Filename Value="..\..\components\tslib\editor\settings\ts.editor.settings.codeshaper.pas"/>
        <IsPartOfProject Value="True"/>
      </Unit89>
      <Unit90>
        <Filename Value="..\..\components\tslib\editor\settings\ts.editor.settings.pas"/>
        <IsPartOfProject Value="True"/>
      </Unit90>
      <Unit91>
        <Filename Value="..\..\components\tslib\editor\settings\ts.editor.settings.searchengine.pas"/>
        <IsPartOfProject Value="True"/>
      </Unit91>
      <Unit92>
        <Filename Value="..\..\components\tslib\editor\ts_editor_manager.pas"/>
        <IsPartOfProject Value="True"/>
        <ComponentName Value="dmEditorManager"/>
        <HasResources Value="True"/>
        <ResourceBaseClass Value="DataModule"/>
        <UnitName Value="ts_Editor_Manager"/>
      </Unit92>
      <Unit93>
        <Filename Value="..\..\components\tslib\editor\settingsdialog\ts_editor_settingsdialog_old.pas"/>
        <IsPartOfProject Value="True"/>
        <ComponentName Value="frmEditorSettings"/>
        <HasResources Value="True"/>
        <ResourceBaseClass Value="Form"/>
        <UnitName Value="ts_Editor_SettingsDialog_Old"/>
      </Unit93>
      <Unit94>
        <Filename Value="..\..\components\tslib\editor\ts_editor_aboutdialog.pas"/>
        <IsPartOfProject Value="True"/>
        <ComponentName Value="frmAbout"/>
        <HasResources Value="True"/>
        <ResourceBaseClass Value="Form"/>
        <UnitName Value="ts_Editor_AboutDialog"/>
      </Unit94>
      <Unit95>
        <Filename Value="..\..\components\tslib\editor\settingsdialog\ts_editor_settingsdialog.pas"/>
        <IsPartOfProject Value="True"/>
        <ComponentName Value="EditorSettingsDialog"/>
        <HasResources Value="True"/>
        <ResourceBaseClass Value="Form"/>
        <UnitName Value="ts_Editor_SettingsDialog"/>
      </Unit95>
      <Unit96>
        <Filename Value="..\..\components\tslib\core\ts_core_componentinspector.pas"/>
        <IsPartOfProject Value="True"/>
        <HasResources Value="True"/>
        <UnitName Value="ts_Core_ComponentInspector"/>
      </Unit96>
      <Unit97>
        <Filename Value="..\..\components\tslib\editor\ts_editor_view.pas"/>
        <IsPartOfProject Value="True"/>
        <ComponentName Value="EditorView"/>
        <HasResources Value="True"/>
        <ResourceBaseClass Value="Form"/>
        <UnitName Value="ts_Editor_View"/>
      </Unit97>
      <Unit98>
        <Filename Value="..\..\components\tslib\editor\ts.editor.toolview.manager.pas"/>
        <IsPartOfProject Value="True"/>
      </Unit98>
      <Unit99>
        <Filename Value="..\..\components\tslib\editor\ts.editor.events.pas"/>
        <IsPartOfProject Value="True"/>
      </Unit99>
      <Unit100>
        <Filename Value="..\..\components\tslib\core\ts.core.events.pas"/>
        <IsPartOfProject Value="True"/>
      </Unit100>
      <Unit101>
        <Filename Value="..\..\components\tslib\core\ts.core.generics.collections.pas"/>
        <IsPartOfProject Value="True"/>
        <UnitName Value="ts.Core.Generics.Collections"/>
      </Unit101>
      <Unit102>
        <Filename Value="..\..\components\tslib\core\ts.core.generics.defaults.pas"/>
        <IsPartOfProject Value="True"/>
      </Unit102>
      <Unit103>
        <Filename Value="..\..\components\tslib\core\ts.core.generics.hashes.pas"/>
        <IsPartOfProject Value="True"/>
      </Unit103>
      <Unit104>
        <Filename Value="..\..\components\tslib\core\ts.core.generics.helpers.pas"/>
        <IsPartOfProject Value="True"/>
        <UnitName Value="ts.Core.Generics.Helpers"/>
      </Unit104>
      <Unit105>
        <Filename Value="..\..\components\tslib\editor\settingsdialog\ts_editor_settingsdialog_fileassociations.pas"/>
        <IsPartOfProject Value="True"/>
        <ComponentName Value="frmOptionsAssociate"/>
        <HasResources Value="True"/>
        <ResourceBaseClass Value="Form"/>
        <UnitName Value="ts_Editor_SettingsDialog_FileAssociations"/>
      </Unit105>
      <Unit106>
        <Filename Value="..\..\components\tslib\editor\settingsdialog\ts_editor_settingsdialog_highlighters.pas"/>
        <IsPartOfProject Value="True"/>
        <HasResources Value="True"/>
        <UnitName Value="ts_Editor_SettingsDialog_Highlighters"/>
      </Unit106>
      <Unit107>
        <Filename Value="..\..\components\tslib\editor\settingsdialog\ts_editor_settingsdialog_filetypes.pas"/>
        <IsPartOfProject Value="True"/>
        <ComponentName Value="frmFileTypeSettings"/>
        <HasResources Value="True"/>
        <ResourceBaseClass Value="Form"/>
        <UnitName Value="ts_Editor_SettingsDialog_FileTypes"/>
      </Unit107>
      <Unit108>
        <Filename Value="..\..\components\tslib\editor\settingsdialog\ts_editor_settingsdialog_keymappings.pas"/>
        <IsPartOfProject Value="True"/>
        <HasResources Value="True"/>
        <UnitName Value="ts_editor_settingsdialog_keymappings"/>
      </Unit108>
      <Unit109>
        <Filename Value="..\..\components\tslib\editor\settingsdialog\ts_editor_settingsdialog_extensions.pas"/>
        <IsPartOfProject Value="True"/>
        <ComponentName Value="dlgExt"/>
        <HasResources Value="True"/>
        <ResourceBaseClass Value="Form"/>
        <UnitName Value="ts_Editor_SettingsDialog_Extensions"/>
      </Unit109>
      <Unit110>
        <Filename Value="..\..\components\tslib\editor\settingsdialog\ts_editor_settingsdialog_applicationsettings.pas"/>
        <IsPartOfProject Value="True"/>
        <ComponentName Value="frmApplicationSettings"/>
        <HasResources Value="True"/>
        <ResourceBaseClass Value="Form"/>
        <UnitName Value="ts_Editor_SettingsDialog_ApplicationSettings"/>
      </Unit110>
      <Unit111>
        <Filename Value="..\..\components\tslib\editor\settingsdialog\ts_editor_settingsdialog_base.pas"/>
        <IsPartOfProject Value="True"/>
        <ComponentName Value="CustomSettingsDialog"/>
        <HasResources Value="True"/>
        <ResourceBaseClass Value="Form"/>
        <UnitName Value="ts_Editor_SettingsDialog_Base"/>
      </Unit111>
      <Unit112>
        <Filename Value="..\..\components\tslib\editor\settingsdialog\ts_editor_settingsdialog_editorsettings.pas"/>
        <IsPartOfProject Value="True"/>
        <ComponentName Value="frmEditorSettingsDialog"/>
        <HasResources Value="True"/>
        <ResourceBaseClass Value="Form"/>
        <UnitName Value="ts_Editor_SettingsDialog_EditorSettings"/>
      </Unit112>
      <Unit113>
        <Filename Value="..\..\components\tslib\editor\settings\ts.editor.settings.minimap.pas"/>
        <IsPartOfProject Value="True"/>
      </Unit113>
      <Unit114>
        <Filename Value="..\..\components\tslib\editor\settings\ts.editor.settings.htmlview.pas"/>
        <IsPartOfProject Value="True"/>
      </Unit114>
      <Unit115>
        <Filename Value="..\..\components\tslib\editor\settings\ts.editor.settings.hexeditor.pas"/>
        <IsPartOfProject Value="True"/>
      </Unit115>
      <Unit116>
        <Filename Value="..\..\components\tslib\editor\settings\ts.editor.settings.codefilter.pas"/>
        <IsPartOfProject Value="True"/>
      </Unit116>
      <Unit117>
        <Filename Value="..\..\components\tslib\editor\toolview\ts_editor_toolview_filter.pas"/>
        <IsPartOfProject Value="True"/>
        <ComponentName Value="frmFilter"/>
        <HasResources Value="True"/>
        <ResourceBaseClass Value="Form"/>
        <UnitName Value="ts_Editor_ToolView_Filter"/>
      </Unit117>
    </Units>
  </ProjectOptions>
  <CompilerOptions>
    <Version Value="11"/>
    <PathDelim Value="\"/>
    <Target>
      <Filename Value="Notepas"/>
    </Target>
    <SearchPaths>
      <IncludeFiles Value="$(ProjOutDir)"/>
      <OtherUnitFiles Value="..\..\components\tslib"/>
      <UnitOutputDirectory Value="lib\$(TargetCPU)-$(TargetOS)"/>
    </SearchPaths>
    <CodeGeneration>
      <SmartLinkUnit Value="True"/>
      <Checks>
        <IOChecks Value="True"/>
        <RangeChecks Value="True"/>
        <OverflowChecks Value="True"/>
      </Checks>
      <TargetCPU Value="i386"/>
      <TargetOS Value="win32"/>
      <Optimizations>
        <VariablesInRegisters Value="True"/>
      </Optimizations>
      <SmallerCode Value="True"/>
    </CodeGeneration>
    <Linking>
      <Debugging>
        <GenerateDebugInfo Value="False"/>
        <UseLineInfoUnit Value="False"/>
      </Debugging>
      <LinkSmart Value="True"/>
      <Options>
        <Win32>
          <GraphicApplication Value="True"/>
        </Win32>
      </Options>
    </Linking>
    <Other>
      <Verbosity>
        <ShowDebugInfo Value="True"/>
        <ShowSummary Value="True"/>
        <ShowHintsForUnusedUnitsInMainSrc Value="True"/>
      </Verbosity>
      <CompilerMessages>
        <IgnoredMessages idx5024="True"/>
        <UseMsgFile Value="True"/>
      </CompilerMessages>
      <CompilerPath Value="$(CompPath)"/>
    </Other>
  </CompilerOptions>
  <Debugging>
    <Exceptions Count="10">
      <Item1>
        <Name Value="EAbort"/>
      </Item1>
      <Item2>
        <Name Value="ECodetoolError"/>
      </Item2>
      <Item3>
        <Name Value="EFOpenError"/>
      </Item3>
      <Item4>
        <Name Value="Exception"/>
      </Item4>
      <Item5>
        <Name Value="EXMLReadError"/>
      </Item5>
      <Item6>
        <Name Value="EResNotFound"/>
      </Item6>
      <Item7>
        <Name Value="ERegExpr"/>
      </Item7>
      <Item8>
        <Name Value="EComponentError"/>
      </Item8>
      <Item9>
        <Name Value="EVariantBadVarTypeError"/>
      </Item9>
      <Item10>
        <Name Value="ERangeError"/>
      </Item10>
    </Exceptions>
  </Debugging>
</CONFIG>
