<?xml version="1.0" encoding="UTF-8"?>
<CONFIG>
  <ProjectOptions>
    <Version Value="12"/>
    <PathDelim Value="\"/>
    <General>
      <Flags>
        <CompatibilityMode Value="True"/>
      </Flags>
      <SessionStorage Value="InProjectDir"/>
      <Title Value="Notepas"/>
      <Scaled Value="True"/>
      <UseAppBundle Value="False"/>
      <ResourceType Value="res"/>
      <UseXPManifest Value="True"/>
      <XPManifest>
        <DpiAware Value="True/PM_V2"/>
        <TextName Value="Notepas"/>
        <TextDesc Value="Text editor"/>
      </XPManifest>
      <Icon Value="0"/>
    </General>
    <i18n>
      <EnableI18N Value="True"/>
      <OutDir Value="locale"/>
    </i18n>
    <VersionInfo>
      <UseVersionInfo Value="True"/>
      <AutoIncrementBuild Value="True"/>
      <MajorVersionNr Value="1"/>
      <MinorVersionNr Value="3"/>
      <BuildNr Value="293"/>
      <Attributes pvaPrivateBuild="True"/>
      <StringTable Comments="Multiplatform text editor" CompanyName="Tim Sinaeve" FileDescription="notepas text editor" InternalName="notepas" LegalCopyright="(c) 2023 Tim Sinaeve" OriginalFilename="notepas.exe" ProductName="notepas" ProductVersion="1.3" HomePage="http://github.com/beNative/lazarus" ProjectPage="http://github.com/beNative/lazarus"/>
    </VersionInfo>
    <BuildModes Count="13">
      <Item1 Name="Default" Default="True"/>
      <Item2 Name="Debug">
        <CompilerOptions>
          <Version Value="11"/>
          <PathDelim Value="\"/>
          <Target>
            <Filename Value="notepas"/>
          </Target>
          <SearchPaths>
            <IncludeFiles Value="$(ProjOutDir)"/>
            <OtherUnitFiles Value="..\..\components\tslib;..\..\components\tslib\editor;..\..\components\tslib\editor\settings"/>
            <UnitOutputDirectory Value="lib"/>
          </SearchPaths>
          <Parsing>
            <SyntaxOptions>
              <SyntaxMode Value="Delphi"/>
              <UseAnsiStrings Value="False"/>
            </SyntaxOptions>
          </Parsing>
          <CodeGeneration>
            <Checks>
              <IOChecks Value="True"/>
              <RangeChecks Value="True"/>
              <OverflowChecks Value="True"/>
              <StackChecks Value="True"/>
            </Checks>
            <Optimizations>
              <OptimizationLevel Value="0"/>
            </Optimizations>
          </CodeGeneration>
          <Linking>
            <Debugging>
              <DebugInfoType Value="dsDwarf3"/>
            </Debugging>
            <Options>
              <Win32>
                <GraphicApplication Value="True"/>
              </Win32>
            </Options>
          </Linking>
          <Other>
            <Verbosity>
              <ShowDebugInfo Value="True"/>
              <ShowHintsForUnusedUnitsInMainSrc Value="True"/>
            </Verbosity>
            <CompilerMessages>
              <IgnoredMessages idx5024="True"/>
            </CompilerMessages>
            <ExecuteBefore>
              <CompileReasons Compile="False" Build="False" Run="False"/>
            </ExecuteBefore>
            <ExecuteAfter>
              <CompileReasons Compile="False" Build="False" Run="False"/>
            </ExecuteAfter>
          </Other>
        </CompilerOptions>
      </Item2>
      <Item3 Name="Release win32 i386 win32">
        <CompilerOptions>
          <Version Value="11"/>
          <PathDelim Value="\"/>
          <Target>
            <Filename Value="bin\$(TargetCPU)-$(TargetOS)-$(LCLWidgetType)\notepas"/>
          </Target>
          <SearchPaths>
            <IncludeFiles Value="$(ProjOutDir)"/>
            <UnitOutputDirectory Value="lib\$(TargetCPU)-$(TargetOS)-$(LCLWidgetType)"/>
          </SearchPaths>
          <Conditionals Value="if GetIDEValue(&apos;OS&apos;) = &apos;linux&apos; then
begin
  upx := &apos;upx&apos;
end
else if (GetIDEValue(&apos;OS&apos;) = &apos;win32&apos;) or (GetIDEValue(&apos;OS&apos;) = &apos;win64&apos;) then
begin
  upx := &apos;upx.exe&apos;
end;"/>
          <Parsing>
            <SyntaxOptions>
              <SyntaxMode Value="Delphi"/>
              <UseAnsiStrings Value="False"/>
            </SyntaxOptions>
          </Parsing>
          <CodeGeneration>
            <SmartLinkUnit Value="True"/>
            <Checks>
              <IOChecks Value="True"/>
            </Checks>
            <TargetCPU Value="i386"/>
            <TargetOS Value="win32"/>
            <Optimizations>
              <OptimizationLevel Value="2"/>
              <VariablesInRegisters Value="True"/>
            </Optimizations>
          </CodeGeneration>
          <Linking>
            <Debugging>
              <GenerateDebugInfo Value="False"/>
              <DebugInfoType Value="dsDwarf3"/>
              <UseLineInfoUnit Value="False"/>
              <StripSymbols Value="True"/>
            </Debugging>
            <LinkSmart Value="True"/>
            <Options>
              <Win32>
                <GraphicApplication Value="True"/>
              </Win32>
            </Options>
          </Linking>
          <Other>
            <Verbosity>
              <ShowDebugInfo Value="True"/>
              <ShowHintsForUnusedUnitsInMainSrc Value="True"/>
            </Verbosity>
            <CompilerMessages>
              <IgnoredMessages idx5024="True"/>
            </CompilerMessages>
            <ExecuteBefore>
              <CompileReasons Compile="False" Build="False" Run="False"/>
            </ExecuteBefore>
            <ExecuteAfter>
              <Command Value="$(upx) $(TargetFile)"/>
              <CompileReasons Build="False" Run="False"/>
            </ExecuteAfter>
          </Other>
        </CompilerOptions>
      </Item3>
      <Item4 Name="Release win32 i386 gtk2">
        <MacroValues Count="1">
          <Macro2 Name="LCLWidgetType" Value="gtk2"/>
        </MacroValues>
        <CompilerOptions>
          <Version Value="11"/>
          <PathDelim Value="\"/>
          <Target>
            <Filename Value="bin\$(TargetCPU)-$(TargetOS)-$(LCLWidgetType)\notepas"/>
          </Target>
          <SearchPaths>
            <UnitOutputDirectory Value="lib\$(TargetCPU)-$(TargetOS)-$(LCLWidgetType)"/>
          </SearchPaths>
          <Conditionals Value="// example for adding linker options on Mac OS X
//if TargetOS=&apos;darwin&apos; then
//  LinkerOptions := &apos; -framework OpenGL&apos;;

// example for adding a unit and include path on Windows
//if SrcOS=&apos;win&apos; then begin
//  UnitPath += &apos;;win&apos;;
//  IncPath += &apos;;win&apos;;
//end;

if GetIDEValue(&apos;OS&apos;) = &apos;linux&apos; then
begin
  upx := &apos;upx&apos;
end
else if (GetIDEValue(&apos;OS&apos;) = &apos;win32&apos;) or (GetIDEValue(&apos;OS&apos;) = &apos;win64&apos;) then
begin
  upx := &apos;upx.exe&apos;
end;"/>
          <CodeGeneration>
            <SmartLinkUnit Value="True"/>
            <Checks>
              <IOChecks Value="True"/>
              <RangeChecks Value="True"/>
              <OverflowChecks Value="True"/>
            </Checks>
            <TargetCPU Value="i386"/>
            <TargetOS Value="win32"/>
            <Optimizations>
              <OptimizationLevel Value="2"/>
              <VariablesInRegisters Value="True"/>
            </Optimizations>
            <SmallerCode Value="True"/>
          </CodeGeneration>
          <Linking>
            <Debugging>
              <GenerateDebugInfo Value="False"/>
              <UseLineInfoUnit Value="False"/>
              <StripSymbols Value="True"/>
            </Debugging>
            <LinkSmart Value="True"/>
            <Options>
              <Win32>
                <GraphicApplication Value="True"/>
              </Win32>
            </Options>
          </Linking>
          <Other>
            <Verbosity>
              <ShowDebugInfo Value="True"/>
              <ShowHintsForUnusedUnitsInMainSrc Value="True"/>
            </Verbosity>
            <CompilerMessages>
              <IgnoredMessages idx5024="True"/>
            </CompilerMessages>
            <ExecuteBefore>
              <CompileReasons Compile="False" Build="False" Run="False"/>
            </ExecuteBefore>
            <ExecuteAfter>
              <Command Value="$Path($(CompPath))\$(upx) $(TargetFile)"/>
              <CompileReasons Compile="False" Build="False" Run="False"/>
            </ExecuteAfter>
          </Other>
        </CompilerOptions>
      </Item4>
      <Item5 Name="Release darwin i386 carbon">
        <MacroValues Count="1">
          <Macro3 Name="LCLWidgetType" Value="carbon"/>
        </MacroValues>
        <CompilerOptions>
          <Version Value="11"/>
          <PathDelim Value="\"/>
          <Target>
            <Filename Value="bin\$(TargetCPU)-$(TargetOS)-$(LCLWidgetType)\notepas"/>
          </Target>
          <SearchPaths>
            <Libraries Value="..\..\..\Libraries\i386-linux"/>
            <UnitOutputDirectory Value="lib\$(TargetCPU)-$(TargetOS)-$(LCLWidgetType)"/>
          </SearchPaths>
          <Conditionals Value="// example for adding linker options on Mac OS X
//if TargetOS=&apos;darwin&apos; then
//  LinkerOptions := &apos; -framework OpenGL&apos;;

// example for adding a unit and include path on Windows
//if SrcOS=&apos;win&apos; then begin
//  UnitPath += &apos;;win&apos;;
//  IncPath += &apos;;win&apos;;
//end;

if GetIDEValue(&apos;OS&apos;) = &apos;linux&apos; then
begin
  upx := &apos;upx&apos;
end
else
if (GetIDEValue(&apos;OS&apos;) = &apos;win32&apos;) or (GetIDEValue(&apos;OS&apos;) = &apos;win64&apos;) then
begin
  upx := &apos;upx.exe&apos;
end;
if TargetOS=&apos;darwin&apos; then
begin
   upx := &apos;upx.sh&apos;
end;"/>
          <Parsing>
            <SyntaxOptions>
              <SyntaxMode Value="Delphi"/>
              <UseAnsiStrings Value="False"/>
            </SyntaxOptions>
          </Parsing>
          <CodeGeneration>
            <SmartLinkUnit Value="True"/>
            <Checks>
              <IOChecks Value="True"/>
              <RangeChecks Value="True"/>
              <OverflowChecks Value="True"/>
            </Checks>
            <TargetCPU Value="i386"/>
            <TargetOS Value="darwin"/>
            <Optimizations>
              <OptimizationLevel Value="2"/>
              <VariablesInRegisters Value="True"/>
            </Optimizations>
            <SmallerCode Value="True"/>
          </CodeGeneration>
          <Linking>
            <Debugging>
              <GenerateDebugInfo Value="False"/>
              <UseLineInfoUnit Value="False"/>
              <StripSymbols Value="True"/>
            </Debugging>
            <LinkSmart Value="True"/>
            <Options>
              <Win32>
                <GraphicApplication Value="True"/>
              </Win32>
            </Options>
          </Linking>
          <Other>
            <Verbosity>
              <ShowDebugInfo Value="True"/>
              <ShowHintsForUnusedUnitsInMainSrc Value="True"/>
            </Verbosity>
            <CompilerMessages>
              <IgnoredMessages idx5024="True"/>
            </CompilerMessages>
            <ExecuteBefore>
              <CompileReasons Compile="False" Build="False" Run="False"/>
            </ExecuteBefore>
            <ExecuteAfter>
              <Command Value=".\$(upx) $(TargetFile)"/>
              <CompileReasons Compile="False" Build="False" Run="False"/>
            </ExecuteAfter>
          </Other>
        </CompilerOptions>
      </Item5>
      <Item6 Name="Release darwin x86_64 qt">
        <MacroValues Count="1">
          <Macro1 Name="LCLWidgetType" Value="qt"/>
        </MacroValues>
        <CompilerOptions>
          <Version Value="11"/>
          <PathDelim Value="\"/>
          <Target>
            <Filename Value="bin\$(TargetCPU)-$(TargetOS)-$(LCLWidgetType)\notepas"/>
          </Target>
          <SearchPaths>
            <Libraries Value="..\..\..\Libraries\i386-linux"/>
            <UnitOutputDirectory Value="lib\$(TargetCPU)-$(TargetOS)-$(LCLWidgetType)"/>
          </SearchPaths>
          <Conditionals Value="// example for adding linker options on Mac OS X
//if TargetOS=&apos;darwin&apos; then
//  LinkerOptions := &apos; -framework OpenGL&apos;;

// example for adding a unit and include path on Windows
//if SrcOS=&apos;win&apos; then begin
//  UnitPath += &apos;;win&apos;;
//  IncPath += &apos;;win&apos;;
//end;

if GetIDEValue(&apos;OS&apos;) = &apos;linux&apos; then
begin
  upx := &apos;upx&apos;
end
else if (GetIDEValue(&apos;OS&apos;) = &apos;win32&apos;) or (GetIDEValue(&apos;OS&apos;) = &apos;win64&apos;) then
begin
  upx := &apos;upx.exe&apos;
end;"/>
          <CodeGeneration>
            <Checks>
              <IOChecks Value="True"/>
              <RangeChecks Value="True"/>
              <OverflowChecks Value="True"/>
            </Checks>
            <TargetCPU Value="x86_64"/>
            <TargetOS Value="darwin"/>
            <Optimizations>
              <VariablesInRegisters Value="True"/>
            </Optimizations>
            <SmallerCode Value="True"/>
          </CodeGeneration>
          <Linking>
            <Debugging>
              <GenerateDebugInfo Value="False"/>
              <UseLineInfoUnit Value="False"/>
            </Debugging>
            <Options>
              <Win32>
                <GraphicApplication Value="True"/>
              </Win32>
            </Options>
          </Linking>
          <Other>
            <Verbosity>
              <ShowDebugInfo Value="True"/>
              <ShowHintsForUnusedUnitsInMainSrc Value="True"/>
            </Verbosity>
            <CompilerMessages>
              <IgnoredMessages idx5024="True"/>
            </CompilerMessages>
            <ExecuteBefore>
              <CompileReasons Compile="False" Build="False" Run="False"/>
            </ExecuteBefore>
            <ExecuteAfter>
              <Command Value="$Path($(CompPath))\$(upx) $(TargetFile)"/>
              <CompileReasons Compile="False" Build="False" Run="False"/>
            </ExecuteAfter>
          </Other>
        </CompilerOptions>
      </Item6>
      <Item7 Name="Release linux i386 qt">
        <MacroValues Count="1">
          <Macro1 Name="LCLWidgetType" Value="qt"/>
        </MacroValues>
        <CompilerOptions>
          <Version Value="11"/>
          <PathDelim Value="\"/>
          <Target>
            <Filename Value="bin\$(TargetCPU)-$(TargetOS)-$(LCLWidgetType)\notepas"/>
          </Target>
          <SearchPaths>
            <Libraries Value="..\..\..\Libraries\i386-linux;..\..\..\binLibraries\i386-linux-qt4"/>
            <UnitOutputDirectory Value="lib\$(TargetCPU)-$(TargetOS)-$(LCLWidgetType)"/>
          </SearchPaths>
          <Conditionals Value="// example for adding linker options on Mac OS X
//if TargetOS=&apos;darwin&apos; then
//  LinkerOptions := &apos; -framework OpenGL&apos;;

// example for adding a unit and include path on Windows
//if SrcOS=&apos;win&apos; then begin
//  UnitPath += &apos;;win&apos;;
//  IncPath += &apos;;win&apos;;
//end;

if GetIDEValue(&apos;OS&apos;) = &apos;linux&apos; then
begin
  upx := &apos;upx&apos;
end
else if (GetIDEValue(&apos;OS&apos;) = &apos;win32&apos;) or (GetIDEValue(&apos;OS&apos;) = &apos;win64&apos;) then
begin
  upx := &apos;upx.exe&apos;
end;"/>
          <CodeGeneration>
            <Checks>
              <IOChecks Value="True"/>
              <RangeChecks Value="True"/>
              <OverflowChecks Value="True"/>
            </Checks>
            <TargetCPU Value="i386"/>
            <TargetOS Value="linux"/>
            <Optimizations>
              <VariablesInRegisters Value="True"/>
            </Optimizations>
            <SmallerCode Value="True"/>
          </CodeGeneration>
          <Linking>
            <Debugging>
              <GenerateDebugInfo Value="False"/>
              <UseLineInfoUnit Value="False"/>
            </Debugging>
            <Options>
              <Win32>
                <GraphicApplication Value="True"/>
              </Win32>
            </Options>
          </Linking>
          <Other>
            <Verbosity>
              <ShowDebugInfo Value="True"/>
              <ShowHintsForUnusedUnitsInMainSrc Value="True"/>
            </Verbosity>
            <CompilerMessages>
              <IgnoredMessages idx5024="True"/>
            </CompilerMessages>
            <ExecuteBefore>
              <CompileReasons Compile="False" Build="False" Run="False"/>
            </ExecuteBefore>
            <ExecuteAfter>
              <Command Value="$Path($(CompPath))\$(upx) $(TargetFile)"/>
              <CompileReasons Compile="False" Build="False" Run="False"/>
            </ExecuteAfter>
          </Other>
          <CompileReasons Compile="False" Build="False" Run="False"/>
        </CompilerOptions>
      </Item7>
      <Item8 Name="Release linux i386 gtk2">
        <MacroValues Count="1">
          <Macro2 Name="LCLWidgetType" Value="gtk2"/>
        </MacroValues>
        <CompilerOptions>
          <Version Value="11"/>
          <PathDelim Value="\"/>
          <Target>
            <Filename Value="bin\$(TargetCPU)-$(TargetOS)-$(LCLWidgetType)\notepas"/>
          </Target>
          <SearchPaths>
            <Libraries Value="..\..\..\Libraries\i386-linux;..\..\..\binLibraries\i386-linux"/>
            <UnitOutputDirectory Value="lib\$(TargetCPU)-$(TargetOS)-$(LCLWidgetType)"/>
          </SearchPaths>
          <Conditionals Value="// example for adding linker options on Mac OS X
//if TargetOS=&apos;darwin&apos; then
//  LinkerOptions := &apos; -framework OpenGL&apos;;

// example for adding a unit and include path on Windows
//if SrcOS=&apos;win&apos; then begin
//  UnitPath += &apos;;win&apos;;
//  IncPath += &apos;;win&apos;;
//end;

if GetIDEValue(&apos;OS&apos;) = &apos;linux&apos; then
begin
  upx := &apos;upx&apos;
end
else if (GetIDEValue(&apos;OS&apos;) = &apos;win32&apos;) or (GetIDEValue(&apos;OS&apos;) = &apos;win64&apos;) then
begin
  upx := &apos;upx.exe&apos;
end;"/>
          <CodeGeneration>
            <SmartLinkUnit Value="True"/>
            <Checks>
              <IOChecks Value="True"/>
            </Checks>
            <TargetCPU Value="i386"/>
            <TargetOS Value="linux"/>
            <Optimizations>
              <OptimizationLevel Value="2"/>
              <VariablesInRegisters Value="True"/>
            </Optimizations>
          </CodeGeneration>
          <Linking>
            <Debugging>
              <GenerateDebugInfo Value="False"/>
              <UseLineInfoUnit Value="False"/>
            </Debugging>
            <LinkSmart Value="True"/>
            <Options>
              <Win32>
                <GraphicApplication Value="True"/>
              </Win32>
            </Options>
          </Linking>
          <Other>
            <Verbosity>
              <ShowDebugInfo Value="True"/>
              <ShowHintsForUnusedUnitsInMainSrc Value="True"/>
            </Verbosity>
            <CompilerMessages>
              <IgnoredMessages idx5024="True"/>
            </CompilerMessages>
            <ExecuteBefore>
              <CompileReasons Compile="False" Build="False" Run="False"/>
            </ExecuteBefore>
            <ExecuteAfter>
              <Command Value="$Path($(CompPath))\$(upx) $(TargetFile)"/>
              <CompileReasons Compile="False" Build="False" Run="False"/>
            </ExecuteAfter>
          </Other>
          <CompileReasons Compile="False" Build="False" Run="False"/>
        </CompilerOptions>
      </Item8>
      <Item9 Name="Release linux x86_64 qt">
        <MacroValues Count="1">
          <Macro1 Name="LCLWidgetType" Value="qt"/>
        </MacroValues>
        <CompilerOptions>
          <Version Value="11"/>
          <PathDelim Value="\"/>
          <Target>
            <Filename Value="bin\$(TargetCPU)-$(TargetOS)-$(LCLWidgetType)\notepas"/>
          </Target>
          <SearchPaths>
            <UnitOutputDirectory Value="lib\$(TargetCPU)-$(TargetOS)-$(LCLWidgetType)"/>
          </SearchPaths>
          <Conditionals Value="// example for adding linker options on Mac OS X
//if TargetOS=&apos;darwin&apos; then
//  LinkerOptions := &apos; -framework OpenGL&apos;;

// example for adding a unit and include path on Windows
//if SrcOS=&apos;win&apos; then begin
//  UnitPath += &apos;;win&apos;;
//  IncPath += &apos;;win&apos;;
//end;

if GetIDEValue(&apos;OS&apos;) = &apos;linux&apos; then
begin
  upx := &apos;upx&apos;
end
else if (GetIDEValue(&apos;OS&apos;) = &apos;win32&apos;) or (GetIDEValue(&apos;OS&apos;) = &apos;win64&apos;) then
begin
  upx := &apos;upx.exe&apos;
end;"/>
          <CodeGeneration>
            <SmartLinkUnit Value="True"/>
            <Checks>
              <IOChecks Value="True"/>
            </Checks>
            <TargetCPU Value="x86_64"/>
            <TargetOS Value="linux"/>
            <Optimizations>
              <OptimizationLevel Value="2"/>
              <VariablesInRegisters Value="True"/>
            </Optimizations>
          </CodeGeneration>
          <Linking>
            <Debugging>
              <GenerateDebugInfo Value="False"/>
              <UseLineInfoUnit Value="False"/>
            </Debugging>
            <LinkSmart Value="True"/>
            <Options>
              <Win32>
                <GraphicApplication Value="True"/>
              </Win32>
            </Options>
          </Linking>
          <Other>
            <Verbosity>
              <ShowDebugInfo Value="True"/>
              <ShowHintsForUnusedUnitsInMainSrc Value="True"/>
            </Verbosity>
            <CompilerMessages>
              <IgnoredMessages idx5024="True"/>
            </CompilerMessages>
            <ExecuteBefore>
              <CompileReasons Compile="False" Build="False" Run="False"/>
            </ExecuteBefore>
            <ExecuteAfter>
              <Command Value="$Path($(CompPath))\$(upx) $(TargetFile)"/>
              <CompileReasons Compile="False" Build="False" Run="False"/>
            </ExecuteAfter>
          </Other>
        </CompilerOptions>
      </Item9>
      <Item10 Name="Release linux x86_64 gtk2">
        <MacroValues Count="1">
          <Macro2 Name="LCLWidgetType" Value="gtk2"/>
        </MacroValues>
        <CompilerOptions>
          <Version Value="11"/>
          <PathDelim Value="\"/>
          <Target>
            <Filename Value="bin\$(TargetCPU)-$(TargetOS)-$(LCLWidgetType)\notepas"/>
          </Target>
          <SearchPaths>
            <UnitOutputDirectory Value="lib\$(TargetCPU)-$(TargetOS)-$(LCLWidgetType)"/>
          </SearchPaths>
          <Conditionals Value="// example for adding linker options on Mac OS X
//if TargetOS=&apos;darwin&apos; then
//  LinkerOptions := &apos; -framework OpenGL&apos;;

// example for adding a unit and include path on Windows
//if SrcOS=&apos;win&apos; then begin
//  UnitPath += &apos;;win&apos;;
//  IncPath += &apos;;win&apos;;
//end;

if GetIDEValue(&apos;OS&apos;) = &apos;linux&apos; then
begin
  upx := &apos;upx&apos;
end
else if (GetIDEValue(&apos;OS&apos;) = &apos;win32&apos;) or (GetIDEValue(&apos;OS&apos;) = &apos;win64&apos;) then
begin
  upx := &apos;upx.exe&apos;
end;"/>
          <CodeGeneration>
            <SmartLinkUnit Value="True"/>
            <Checks>
              <IOChecks Value="True"/>
            </Checks>
            <TargetCPU Value="x86_64"/>
            <TargetOS Value="linux"/>
            <Optimizations>
              <OptimizationLevel Value="2"/>
              <VariablesInRegisters Value="True"/>
            </Optimizations>
          </CodeGeneration>
          <Linking>
            <Debugging>
              <GenerateDebugInfo Value="False"/>
              <UseLineInfoUnit Value="False"/>
            </Debugging>
            <LinkSmart Value="True"/>
            <Options>
              <Win32>
                <GraphicApplication Value="True"/>
              </Win32>
            </Options>
          </Linking>
          <Other>
            <Verbosity>
              <ShowDebugInfo Value="True"/>
              <ShowHintsForUnusedUnitsInMainSrc Value="True"/>
            </Verbosity>
            <CompilerMessages>
              <IgnoredMessages idx5024="True"/>
            </CompilerMessages>
            <ExecuteBefore>
              <CompileReasons Compile="False" Build="False" Run="False"/>
            </ExecuteBefore>
            <ExecuteAfter>
              <Command Value="$Path($(CompPath))\$(upx) $(TargetFile)"/>
              <CompileReasons Compile="False" Build="False" Run="False"/>
            </ExecuteAfter>
          </Other>
        </CompilerOptions>
      </Item10>
      <Item11 Name="Release freebsd x86_64 qt">
        <MacroValues Count="1">
          <Macro2 Name="LCLWidgetType" Value="gtk2"/>
        </MacroValues>
        <CompilerOptions>
          <Version Value="11"/>
          <PathDelim Value="\"/>
          <Target>
            <Filename Value="bin\$(TargetCPU)-$(TargetOS)-$(LCLWidgetType)\notepas"/>
          </Target>
          <SearchPaths>
            <Libraries Value="..\..\..\binLibraries\x86_64-freebsd;..\..\..\binLibraries\i386-freebsd-qt4;..\..\..\fpc\units\x86_64-freebsd;..\..\..\fpc\units\x86_64-freebsd\x11;..\..\..\fpc\units\x86_64-freebsd\rtl"/>
            <UnitOutputDirectory Value="lib\$(TargetCPU)-$(TargetOS)-$(LCLWidgetType)"/>
          </SearchPaths>
          <CodeGeneration>
            <Checks>
              <IOChecks Value="True"/>
              <RangeChecks Value="True"/>
              <OverflowChecks Value="True"/>
            </Checks>
            <TargetOS Value="freebsd"/>
            <Optimizations>
              <VariablesInRegisters Value="True"/>
            </Optimizations>
            <SmallerCode Value="True"/>
          </CodeGeneration>
          <Linking>
            <Debugging>
              <GenerateDebugInfo Value="False"/>
              <UseLineInfoUnit Value="False"/>
            </Debugging>
            <Options>
              <Win32>
                <GraphicApplication Value="True"/>
              </Win32>
            </Options>
          </Linking>
          <Other>
            <Verbosity>
              <ShowDebugInfo Value="True"/>
              <ShowHintsForUnusedUnitsInMainSrc Value="True"/>
            </Verbosity>
            <CompilerMessages>
              <IgnoredMessages idx5024="True"/>
            </CompilerMessages>
            <ExecuteBefore>
              <CompileReasons Compile="False" Build="False" Run="False"/>
            </ExecuteBefore>
            <ExecuteAfter>
              <CompileReasons Compile="False" Build="False" Run="False"/>
            </ExecuteAfter>
          </Other>
          <CompileReasons Compile="False" Build="False" Run="False"/>
        </CompilerOptions>
      </Item11>
      <Item12 Name="Release solaris x86_64 gtk2">
        <MacroValues Count="1">
          <Macro2 Name="LCLWidgetType" Value="gtk2"/>
        </MacroValues>
        <CompilerOptions>
          <Version Value="11"/>
          <PathDelim Value="\"/>
          <Target>
            <Filename Value="bin\$(TargetCPU)-$(TargetOS)-$(LCLWidgetType)\notepas"/>
          </Target>
          <SearchPaths>
            <UnitOutputDirectory Value="lib\$(TargetCPU)-$(TargetOS)-$(LCLWidgetType)"/>
          </SearchPaths>
          <CodeGeneration>
            <Checks>
              <IOChecks Value="True"/>
              <RangeChecks Value="True"/>
              <OverflowChecks Value="True"/>
            </Checks>
            <TargetCPU Value="x86_64"/>
            <TargetOS Value="solaris"/>
            <Optimizations>
              <VariablesInRegisters Value="True"/>
            </Optimizations>
            <SmallerCode Value="True"/>
          </CodeGeneration>
          <Linking>
            <Debugging>
              <GenerateDebugInfo Value="False"/>
              <UseLineInfoUnit Value="False"/>
            </Debugging>
            <Options>
              <Win32>
                <GraphicApplication Value="True"/>
              </Win32>
            </Options>
          </Linking>
          <Other>
            <Verbosity>
              <ShowDebugInfo Value="True"/>
              <ShowHintsForUnusedUnitsInMainSrc Value="True"/>
            </Verbosity>
            <CompilerMessages>
              <IgnoredMessages idx5024="True"/>
            </CompilerMessages>
            <ExecuteBefore>
              <CompileReasons Compile="False" Build="False" Run="False"/>
            </ExecuteBefore>
            <ExecuteAfter>
              <CompileReasons Compile="False" Build="False" Run="False"/>
            </ExecuteAfter>
          </Other>
          <CompileReasons Compile="False" Build="False" Run="False"/>
        </CompilerOptions>
      </Item12>
      <Item13 Name="Release win32 i386 qt">
        <MacroValues Count="1">
          <Macro1 Name="LCLWidgetType" Value="qt"/>
        </MacroValues>
        <CompilerOptions>
          <Version Value="11"/>
          <PathDelim Value="\"/>
          <Target>
            <Filename Value="bin\$(TargetCPU)-$(TargetOS)-$(LCLWidgetType)\notepas"/>
          </Target>
          <SearchPaths>
            <UnitOutputDirectory Value="lib\$(TargetCPU)-$(TargetOS)-$(LCLWidgetType)"/>
          </SearchPaths>
          <Conditionals Value="// example for adding linker options on Mac OS X
//if TargetOS=&apos;darwin&apos; then
//  LinkerOptions := &apos; -framework OpenGL&apos;;

// example for adding a unit and include path on Windows
//if SrcOS=&apos;win&apos; then begin
//  UnitPath += &apos;;win&apos;;
//  IncPath += &apos;;win&apos;;
//end;

if GetIDEValue(&apos;OS&apos;) = &apos;linux&apos; then
begin
  upx := &apos;upx&apos;
end
else if (GetIDEValue(&apos;OS&apos;) = &apos;win32&apos;) or (GetIDEValue(&apos;OS&apos;) = &apos;win64&apos;) then
begin
  upx := &apos;upx.exe&apos;
end;"/>
          <CodeGeneration>
            <SmartLinkUnit Value="True"/>
            <Checks>
              <IOChecks Value="True"/>
              <RangeChecks Value="True"/>
              <OverflowChecks Value="True"/>
            </Checks>
            <TargetCPU Value="i386"/>
            <TargetOS Value="win32"/>
            <Optimizations>
              <OptimizationLevel Value="2"/>
              <VariablesInRegisters Value="True"/>
            </Optimizations>
            <SmallerCode Value="True"/>
          </CodeGeneration>
          <Linking>
            <Debugging>
              <GenerateDebugInfo Value="False"/>
              <UseLineInfoUnit Value="False"/>
              <StripSymbols Value="True"/>
            </Debugging>
            <LinkSmart Value="True"/>
            <Options>
              <Win32>
                <GraphicApplication Value="True"/>
              </Win32>
            </Options>
          </Linking>
          <Other>
            <Verbosity>
              <ShowDebugInfo Value="True"/>
              <ShowHintsForUnusedUnitsInMainSrc Value="True"/>
            </Verbosity>
            <CompilerMessages>
              <IgnoredMessages idx5024="True"/>
            </CompilerMessages>
            <ExecuteBefore>
              <CompileReasons Compile="False" Build="False" Run="False"/>
            </ExecuteBefore>
            <ExecuteAfter>
              <Command Value="$Path($(CompPath))\upx $(TargetFile)"/>
              <CompileReasons Compile="False" Build="False" Run="False"/>
            </ExecuteAfter>
          </Other>
          <CompileReasons Compile="False" Build="False" Run="False"/>
        </CompilerOptions>
      </Item13>
      <SharedMatrixOptions Count="3">
        <Item1 ID="468994090888" Modes="Release linux i386 qt,Release linux x86_64 qt,Release darwin x86_64 qt,Release win32 i386 qt" Type="IDEMacro" MacroName="LCLWidgetType" Value="qt"/>
        <Item2 ID="440664449299" Modes="Release win32 i386 gtk2,Release linux i386 gtk2,Release linux x86_64 gtk2,Release freebsd x86_64 qt,Release solaris x86_64 gtk2" Type="IDEMacro" MacroName="LCLWidgetType" Value="gtk2"/>
        <Item3 ID="326179418783" Modes="Release darwin i386 carbon" Type="IDEMacro" MacroName="LCLWidgetType" Value="carbon"/>
      </SharedMatrixOptions>
    </BuildModes>
    <PublishOptions>
      <Version Value="2"/>
      <OpenInFileMan Value="True"/>
    </PublishOptions>
    <RunParams>
      <FormatVersion Value="2"/>
      <Modes Count="1">
        <Mode0 Name="default"/>
      </Modes>
    </RunParams>
    <RequiredPackages Count="11">
      <Item1>
        <PackageName Value="tslib_editor"/>
      </Item1>
      <Item2>
        <PackageName Value="KControlsLaz"/>
      </Item2>
      <Item3>
        <PackageName Value="oxml_lazarus"/>
      </Item3>
      <Item4>
        <PackageName Value="pascalscript"/>
      </Item4>
      <Item5>
        <PackageName Value="laz_synapse"/>
      </Item5>
      <Item6>
        <PackageName Value="ExceptionLogger"/>
      </Item6>
      <Item7>
        <PackageName Value="virtualtreeview_package"/>
      </Item7>
      <Item8>
        <PackageName Value="SynEdit"/>
      </Item8>
      <Item9>
        <PackageName Value="RunTimeTypeInfoControls"/>
      </Item9>
      <Item10>
        <PackageName Value="FCL"/>
      </Item10>
      <Item11>
        <PackageName Value="LCL"/>
      </Item11>
    </RequiredPackages>
    <Units Count="43">
      <Unit0>
        <Filename Value="notepas.lpr"/>
        <IsPartOfProject Value="True"/>
        <UnitName Value="Notepas"/>
      </Unit0>
      <Unit1>
        <Filename Value="notepas.main.form.pas"/>
        <IsPartOfProject Value="True"/>
        <ComponentName Value="frmMain"/>
        <HasResources Value="True"/>
        <ResourceBaseClass Value="Form"/>
        <UnitName Value="NotePas.Main.Form"/>
      </Unit1>
      <Unit2>
        <Filename Value="changelog.txt"/>
        <IsPartOfProject Value="True"/>
      </Unit2>
      <Unit3>
        <Filename Value="notepas.resources.pas"/>
        <IsPartOfProject Value="True"/>
        <UnitName Value="Notepas.Resources"/>
      </Unit3>
      <Unit4>
        <Filename Value="notepas.main.form.lfm"/>
        <IsPartOfProject Value="True"/>
      </Unit4>
      <Unit5>
        <Filename Value="..\..\components\tslib\editor\ts.editor.events.pas"/>
        <IsPartOfProject Value="True"/>
        <UnitName Value="ts.Editor.Events"/>
      </Unit5>
      <Unit6>
        <Filename Value="..\..\components\tslib\editor\ts.editor.interfaces.pas"/>
        <IsPartOfProject Value="True"/>
        <UnitName Value="ts.Editor.Interfaces"/>
      </Unit6>
      <Unit7>
        <Filename Value="..\..\components\tslib\editor\ts.editor.manager.pas"/>
        <IsPartOfProject Value="True"/>
        <ComponentName Value="dmEditorManager"/>
        <HasResources Value="True"/>
        <ResourceBaseClass Value="DataModule"/>
        <UnitName Value="ts.Editor.Manager"/>
      </Unit7>
      <Unit8>
        <Filename Value="..\..\components\tslib\editor\ts.editor.commands.pas"/>
        <IsPartOfProject Value="True"/>
        <UnitName Value="ts.Editor.Commands"/>
      </Unit8>
      <Unit9>
        <Filename Value="..\..\components\tslib\editor\ts.editor.toolviews.pas"/>
        <IsPartOfProject Value="True"/>
        <UnitName Value="ts.Editor.ToolViews"/>
      </Unit9>
      <Unit10>
        <Filename Value="..\..\components\tslib\editor\ts.editor.utils.pas"/>
        <IsPartOfProject Value="True"/>
        <UnitName Value="ts.Editor.Utils"/>
      </Unit10>
      <Unit11>
        <Filename Value="..\..\components\tslib\editor\settings\ts.editor.colors.settings.pas"/>
        <IsPartOfProject Value="True"/>
        <UnitName Value="ts.Editor.Colors.Settings"/>
      </Unit11>
      <Unit12>
        <Filename Value="..\..\components\tslib\editor\settings\ts.editor.options.settings.pas"/>
        <IsPartOfProject Value="True"/>
        <UnitName Value="ts.Editor.Options.Settings"/>
      </Unit12>
      <Unit13>
        <Filename Value="..\..\components\tslib\editor\settings\ts.editor.settings.pas"/>
        <IsPartOfProject Value="True"/>
        <UnitName Value="ts.Editor.Settings"/>
      </Unit13>
      <Unit14>
        <Filename Value="..\..\components\tslib\editor\settings\ts.editor.tools.settings.pas"/>
        <IsPartOfProject Value="True"/>
        <UnitName Value="ts.Editor.Tools.Settings"/>
      </Unit14>
      <Unit15>
        <Filename Value="..\..\components\tslib\editor\ts.editor.view.pas"/>
        <IsPartOfProject Value="True"/>
        <ComponentName Value="EditorView"/>
        <HasResources Value="True"/>
        <ResourceBaseClass Value="Form"/>
        <UnitName Value="ts.Editor.View"/>
      </Unit15>
      <Unit16>
        <Filename Value="..\..\components\tslib\editor\ts.editor.resources.pas"/>
        <IsPartOfProject Value="True"/>
        <ComponentName Value="ResourcesDataModule"/>
        <HasResources Value="True"/>
        <ResourceBaseClass Value="DataModule"/>
        <UnitName Value="ts.Editor.Resources"/>
      </Unit16>
      <Unit17>
        <Filename Value="..\..\components\tslib\editor\ts.editor.aboutdialog.pas"/>
        <IsPartOfProject Value="True"/>
        <ComponentName Value="frmAbout"/>
        <HasResources Value="True"/>
        <ResourceBaseClass Value="Form"/>
        <UnitName Value="ts.Editor.AboutDialog"/>
      </Unit17>
      <Unit18>
        <Filename Value="..\..\components\tslib\editor\ts.editor.codetags.pas"/>
        <IsPartOfProject Value="True"/>
        <UnitName Value="ts.Editor.CodeTags"/>
      </Unit18>
      <Unit19>
        <Filename Value="..\..\components\tslib\editor\ts.editor.factories.menus.pas"/>
        <IsPartOfProject Value="True"/>
        <UnitName Value="ts.Editor.Factories.Menus"/>
      </Unit19>
      <Unit20>
        <Filename Value="..\..\components\tslib\editor\ts.editor.factories.settings.pas"/>
        <IsPartOfProject Value="True"/>
        <UnitName Value="ts.Editor.Factories.Settings"/>
      </Unit20>
      <Unit21>
        <Filename Value="..\..\components\tslib\editor\ts.editor.factories.toolbars.pas"/>
        <IsPartOfProject Value="True"/>
        <UnitName Value="ts.Editor.Factories.Toolbars"/>
      </Unit21>
      <Unit22>
        <Filename Value="..\..\components\tslib\editor\ts.editor.types.pas"/>
        <IsPartOfProject Value="True"/>
        <UnitName Value="ts.Editor.Types"/>
      </Unit22>
      <Unit23>
        <Filename Value="..\..\components\tslib\editor\ts.editor.factories.pas"/>
        <IsPartOfProject Value="True"/>
        <UnitName Value="ts.Editor.Factories"/>
      </Unit23>
      <Unit24>
        <Filename Value="..\..\components\tslib\tslib_components.pas"/>
        <IsPartOfProject Value="True"/>
      </Unit24>
      <Unit25>
        <Filename Value="..\..\components\tslib\tslib_core.pas"/>
        <IsPartOfProject Value="True"/>
      </Unit25>
      <Unit26>
        <Filename Value="..\..\components\tslib\tslib_editor.pas"/>
        <IsPartOfProject Value="True"/>
      </Unit26>
      <Unit27>
        <Filename Value="..\..\components\tslib\editor\SetupFiltersDialog.lfm"/>
        <IsPartOfProject Value="True"/>
      </Unit27>
      <Unit28>
        <Filename Value="..\..\components\tslib\editor\SetupFiltersDialog.lrt"/>
        <IsPartOfProject Value="True"/>
      </Unit28>
      <Unit29>
        <Filename Value="..\..\components\tslib\editor\SetupFiltersDialog.pas"/>
        <IsPartOfProject Value="True"/>
        <ComponentName Value="dlgSetupFilters"/>
        <ResourceBaseClass Value="Form"/>
      </Unit29>
      <Unit30>
        <Filename Value="..\..\components\tslib\editor\ts.editor.aboutdialog.lfm"/>
        <IsPartOfProject Value="True"/>
      </Unit30>
      <Unit31>
        <Filename Value="..\..\components\tslib\editor\ts.editor.aboutdialog.lrj"/>
        <IsPartOfProject Value="True"/>
      </Unit31>
      <Unit32>
        <Filename Value="..\..\components\tslib\editor\ts.editor.codeformatters.pas"/>
        <IsPartOfProject Value="True"/>
        <UnitName Value="ts.Editor.CodeFormatters"/>
      </Unit32>
      <Unit33>
        <Filename Value="..\..\components\tslib\editor\ts.editor.codeformatters.sql.pas"/>
        <IsPartOfProject Value="True"/>
        <UnitName Value="ts.Editor.CodeFormatters.Sql"/>
      </Unit33>
      <Unit34>
        <Filename Value="..\..\components\tslib\editor\ts.editor.commentstripper.pas"/>
        <IsPartOfProject Value="True"/>
        <UnitName Value="ts.Editor.CommentStripper"/>
      </Unit34>
      <Unit35>
        <Filename Value="..\..\components\tslib\editor\ts.editor.factories.manager.pas"/>
        <IsPartOfProject Value="True"/>
        <UnitName Value="ts.Editor.Factories.Manager"/>
      </Unit35>
      <Unit36>
        <Filename Value="..\..\components\tslib\editor\ts.editor.factories.views.pas"/>
        <IsPartOfProject Value="True"/>
        <UnitName Value="ts.Editor.Factories.Views"/>
      </Unit36>
      <Unit37>
        <Filename Value="..\..\components\tslib\editor\ts.editor.highlighterattributes.pas"/>
        <IsPartOfProject Value="True"/>
        <UnitName Value="ts.Editor.HighlighterAttributes"/>
      </Unit37>
      <Unit38>
        <Filename Value="..\..\components\tslib\editor\ts.editor.highlighters.pas"/>
        <IsPartOfProject Value="True"/>
        <UnitName Value="ts.Editor.Highlighters"/>
      </Unit38>
      <Unit39>
        <Filename Value="..\..\components\tslib\editor\ts.editor.manager.lfm"/>
        <IsPartOfProject Value="True"/>
      </Unit39>
      <Unit40>
        <Filename Value="..\..\components\tslib\editor\ts.editor.resources.lfm"/>
        <IsPartOfProject Value="True"/>
      </Unit40>
      <Unit41>
        <Filename Value="..\..\components\tslib\editor\ts.editor.selection.pas"/>
        <IsPartOfProject Value="True"/>
        <UnitName Value="ts.Editor.Selection"/>
      </Unit41>
      <Unit42>
        <Filename Value="..\..\components\tslib\editor\ts.editor.view.lfm"/>
        <IsPartOfProject Value="True"/>
      </Unit42>
    </Units>
  </ProjectOptions>
  <CompilerOptions>
    <Version Value="11"/>
    <PathDelim Value="\"/>
    <Target>
      <Filename Value="notepas"/>
    </Target>
    <SearchPaths>
      <IncludeFiles Value="$(ProjOutDir)"/>
      <OtherUnitFiles Value="..\..\components\tslib;..\..\components\tslib\editor;..\..\components\tslib\editor\settings"/>
      <UnitOutputDirectory Value="lib"/>
    </SearchPaths>
    <CodeGeneration>
      <SmartLinkUnit Value="True"/>
      <Checks>
        <IOChecks Value="True"/>
        <RangeChecks Value="True"/>
        <OverflowChecks Value="True"/>
      </Checks>
      <TargetCPU Value="i386"/>
      <TargetOS Value="win32"/>
      <Optimizations>
        <VariablesInRegisters Value="True"/>
      </Optimizations>
      <SmallerCode Value="True"/>
    </CodeGeneration>
    <Linking>
      <Debugging>
        <GenerateDebugInfo Value="False"/>
        <DebugInfoType Value="dsDwarf3"/>
        <UseLineInfoUnit Value="False"/>
      </Debugging>
      <LinkSmart Value="True"/>
      <Options>
        <Win32>
          <GraphicApplication Value="True"/>
        </Win32>
      </Options>
    </Linking>
    <Other>
      <Verbosity>
        <ShowDebugInfo Value="True"/>
        <ShowHintsForUnusedUnitsInMainSrc Value="True"/>
      </Verbosity>
      <CompilerMessages>
        <IgnoredMessages idx5024="True"/>
      </CompilerMessages>
      <ExecuteBefore>
        <CompileReasons Compile="False" Build="False" Run="False"/>
      </ExecuteBefore>
      <ExecuteAfter>
        <CompileReasons Compile="False" Build="False" Run="False"/>
      </ExecuteAfter>
    </Other>
    <CompileReasons Compile="False" Build="False" Run="False"/>
  </CompilerOptions>
</CONFIG>
