<?xml version="1.0" encoding="UTF-8"?>
<CONFIG>
  <ProjectOptions>
    <Version Value="11"/>
    <PathDelim Value="\"/>
    <General>
      <Flags>
        <AlwaysBuild Value="True"/>
      </Flags>
      <MainUnit Value="0"/>
      <Title Value="SnippetSource"/>
      <UseAppBundle Value="False"/>
      <ResourceType Value="res"/>
      <UseXPManifest Value="True"/>
      <XPManifest>
        <DpiAware Value="True"/>
        <UIAccess Value="True"/>
        <TextName Value="SnippetSource"/>
        <TextDesc Value="A SQLite based code repository."/>
      </XPManifest>
      <Icon Value="0"/>
    </General>
    <i18n>
      <EnableI18N Value="True"/>
      <OutDir Value="po"/>
    </i18n>
    <VersionInfo>
      <UseVersionInfo Value="True"/>
      <AutoIncrementBuild Value="True"/>
      <MajorVersionNr Value="3"/>
      <BuildNr Value="99"/>
      <Language Value="0809"/>
      <CharSet Value="04B0"/>
      <Attributes pvaDebug="True" pvaPreRelease="True"/>
      <StringTable Comments="A SQLite based code repository" CompanyName="Tim Sinaeve" FileDescription="SnippetSource" InternalName="SnippetSource" LegalCopyright="(c) 2020 Tim Sinaeve" OriginalFilename="SnippetSource.exe" ProductName="SnippetSource" ProductVersion="3.0"/>
    </VersionInfo>
    <BuildModes Count="4" Active="Debug">
      <Item1 Name="Default" Default="True"/>
      <Item2 Name="Debug">
        <CompilerOptions>
          <Version Value="11"/>
          <PathDelim Value="\"/>
          <Target>
            <Filename Value="snippetsource"/>
          </Target>
          <SearchPaths>
            <IncludeFiles Value="$(ProjOutDir)"/>
            <UnitOutputDirectory Value="lib"/>
          </SearchPaths>
          <Parsing>
            <SyntaxOptions>
              <SyntaxMode Value="Delphi"/>
              <IncludeAssertionCode Value="True"/>
            </SyntaxOptions>
          </Parsing>
          <CodeGeneration>
            <SmartLinkUnit Value="True"/>
            <Checks>
              <IOChecks Value="True"/>
              <RangeChecks Value="True"/>
              <OverflowChecks Value="True"/>
              <StackChecks Value="True"/>
            </Checks>
            <VerifyObjMethodCallValidity Value="True"/>
            <TargetOS Value="win32"/>
            <Optimizations>
              <OptimizationLevel Value="0"/>
              <VariablesInRegisters Value="True"/>
            </Optimizations>
          </CodeGeneration>
          <Linking>
            <Debugging>
              <UseExternalDbgSyms Value="True"/>
            </Debugging>
            <Options>
              <Win32>
                <GraphicApplication Value="True"/>
              </Win32>
            </Options>
          </Linking>
          <Other>
            <Verbosity>
              <ShowExecInfo Value="True"/>
            </Verbosity>
            <WriteFPCLogo Value="False"/>
            <CompilerMessages>
              <IgnoredMessages idx5024="True"/>
            </CompilerMessages>
          </Other>
        </CompilerOptions>
      </Item2>
      <Item3 Name="Release win32 win32">
        <CompilerOptions>
          <Version Value="11"/>
          <PathDelim Value="\"/>
          <Target>
            <Filename Value="bin\$(TargetCPU)-$(TargetOS)-$(LCLWidgetType)\snippetsource"/>
          </Target>
          <SearchPaths>
            <IncludeFiles Value="$(ProjOutDir)"/>
            <UnitOutputDirectory Value="lib\$(TargetCPU)-$(TargetOS)-$(LCLWidgetType)"/>
          </SearchPaths>
          <Conditionals Value="// example for adding linker options on Mac OS X
//if TargetOS='darwin' then
//  LinkerOptions := ' -framework OpenGL';

// example for adding a unit and include path on Windows
//if SrcOS='win' then begin
//  UnitPath += ';win';
//  IncPath += ';win';
//end;

if GetIDEValue('OS') = 'linux' then
begin
  upx := 'upx'
end
else if (GetIDEValue('OS') = 'win32') or (GetIDEValue('OS') = 'win64') then
begin
  upx := 'upx.exe'
end;"/>
          <CodeGeneration>
            <SmartLinkUnit Value="True"/>
            <TargetCPU Value="i386"/>
            <TargetOS Value="win32"/>
            <Optimizations>
              <OptimizationLevel Value="2"/>
              <VariablesInRegisters Value="True"/>
            </Optimizations>
          </CodeGeneration>
          <Linking>
            <Debugging>
              <GenerateDebugInfo Value="False"/>
              <UseLineInfoUnit Value="False"/>
              <StripSymbols Value="True"/>
            </Debugging>
            <LinkSmart Value="True"/>
            <Options>
              <Win32>
                <GraphicApplication Value="True"/>
              </Win32>
            </Options>
          </Linking>
          <Other>
            <Verbosity>
              <ShowDebugInfo Value="True"/>
              <ShowHintsForUnusedUnitsInMainSrc Value="True"/>
            </Verbosity>
            <CompilerMessages>
              <IgnoredMessages idx5024="True"/>
            </CompilerMessages>
            <ExecuteBefore>
              <CompileReasons Run="False"/>
            </ExecuteBefore>
            <ExecuteAfter>
              <Command Value="$Path($(CompPath))\$(upx) $(TargetFile)"/>
              <CompileReasons Compile="False" Build="False" Run="False"/>
            </ExecuteAfter>
          </Other>
          <CompileReasons Run="False"/>
        </CompilerOptions>
      </Item3>
      <Item4 Name="Release win64 win32">
        <MacroValues Count="1">
          <Macro1 Name="LCLWidgetType" Value="win32"/>
        </MacroValues>
        <CompilerOptions>
          <Version Value="11"/>
          <PathDelim Value="\"/>
          <Target>
            <Filename Value="bin\$(TargetCPU)-$(TargetOS)-$(LCLWidgetType)\snippetsource"/>
          </Target>
          <SearchPaths>
            <IncludeFiles Value="$(ProjOutDir)"/>
            <UnitOutputDirectory Value="lib\$(TargetCPU)-$(TargetOS)-$(LCLWidgetType)"/>
          </SearchPaths>
          <Conditionals Value="// example for adding linker options on Mac OS X
//if TargetOS='darwin' then
//  LinkerOptions := ' -framework OpenGL';

// example for adding a unit and include path on Windows
//if SrcOS='win' then begin
//  UnitPath += ';win';
//  IncPath += ';win';
//end;

if GetIDEValue('OS') = 'linux' then
begin
  upx := 'upx'
end
else if (GetIDEValue('OS') = 'win32') or (GetIDEValue('OS') = 'win64') then
begin
  upx := 'upx.exe'
end;"/>
          <CodeGeneration>
            <SmartLinkUnit Value="True"/>
            <Checks>
              <IOChecks Value="True"/>
            </Checks>
            <TargetCPU Value="x86_64"/>
            <TargetOS Value="win64"/>
            <Optimizations>
              <OptimizationLevel Value="2"/>
              <VariablesInRegisters Value="True"/>
            </Optimizations>
          </CodeGeneration>
          <Linking>
            <Debugging>
              <GenerateDebugInfo Value="False"/>
              <UseLineInfoUnit Value="False"/>
              <StripSymbols Value="True"/>
            </Debugging>
            <LinkSmart Value="True"/>
            <Options>
              <Win32>
                <GraphicApplication Value="True"/>
              </Win32>
            </Options>
          </Linking>
          <Other>
            <Verbosity>
              <ShowDebugInfo Value="True"/>
              <ShowCompProc Value="True"/>
              <ShowHintsForUnusedUnitsInMainSrc Value="True"/>
            </Verbosity>
            <CompilerMessages>
              <IgnoredMessages idx5024="True"/>
            </CompilerMessages>
            <ExecuteBefore>
              <CompileReasons Run="False"/>
            </ExecuteBefore>
            <ExecuteAfter>
              <Command Value="$Path($(CompPath))\$(upx) $(TargetFile)"/>
              <CompileReasons Run="False"/>
            </ExecuteAfter>
          </Other>
          <CompileReasons Run="False"/>
        </CompilerOptions>
      </Item4>
      <SharedMatrixOptions Count="2">
        <Item1 ID="295594767133" Modes="Release win64 win32" Type="IDEMacro" MacroName="LCLWidgetType" Value="win32"/>
        <Item2 ID="840860431663" Modes="Default,Debug,Release win32 win32,Release win64 win32" Type="OutDir" Value="$(ProjPath)/lib/$(TargetCPU)-$(TargetOS)"/>
      </SharedMatrixOptions>
    </BuildModes>
    <PublishOptions>
      <Version Value="2"/>
    </PublishOptions>
    <RunParams>
      <FormatVersion Value="2"/>
      <Modes Count="1">
        <Mode0 Name="default"/>
      </Modes>
    </RunParams>
    <RequiredPackages Count="17">
      <Item1>
        <PackageName Value="python4lazarus_package"/>
      </Item1>
      <Item2>
        <PackageName Value="tslib_richeditor"/>
      </Item2>
      <Item3>
        <PackageName Value="tslib_editor"/>
      </Item3>
      <Item4>
        <PackageName Value="cmdbox"/>
      </Item4>
      <Item5>
        <PackageName Value="pl_excompress"/>
      </Item5>
      <Item6>
        <PackageName Value="virtualdbtreeexlaz"/>
      </Item6>
      <Item7>
        <PackageName Value="LazControls"/>
      </Item7>
      <Item8>
        <PackageName Value="KControlsLaz"/>
      </Item8>
      <Item9>
        <PackageName Value="SQLDBLaz"/>
      </Item9>
      <Item10>
        <PackageName Value="pascalscript"/>
      </Item10>
      <Item11>
        <PackageName Value="luicontrols"/>
      </Item11>
      <Item12>
        <PackageName Value="virtualtreeview_package"/>
      </Item12>
      <Item13>
        <PackageName Value="RunTimeTypeInfoControls"/>
      </Item13>
      <Item14>
        <PackageName Value="LCLBase"/>
        <MinVersion Major="1" Release="1" Valid="True"/>
      </Item14>
      <Item15>
        <PackageName Value="SynEdit"/>
        <MinVersion Major="1" Valid="True"/>
      </Item15>
      <Item16>
        <PackageName Value="FCL"/>
        <MinVersion Major="1" Valid="True"/>
      </Item16>
      <Item17>
        <PackageName Value="LCL"/>
      </Item17>
    </RequiredPackages>
    <Units Count="126">
      <Unit0>
        <Filename Value="snippetsource.lpr"/>
        <IsPartOfProject Value="True"/>
        <UnitName Value="SnippetSource"/>
        <EditorIndex Value="11"/>
        <CursorPos X="80" Y="32"/>
        <UsageCount Value="243"/>
        <Loaded Value="True"/>
        <DefaultSyntaxHighlighter Value="Delphi"/>
      </Unit0>
      <Unit1>
        <Filename Value="snippetsource.forms.main.pas"/>
        <IsPartOfProject Value="True"/>
        <ComponentName Value="frmMain"/>
        <HasResources Value="True"/>
        <ResourceBaseClass Value="Form"/>
        <UnitName Value="SnippetSource.Forms.Main"/>
        <TopLine Value="1015"/>
        <CursorPos X="7" Y="1060"/>
        <UsageCount Value="243"/>
        <Loaded Value="True"/>
        <LoadedDesigner Value="True"/>
        <DefaultSyntaxHighlighter Value="Delphi"/>
      </Unit1>
      <Unit2>
        <Filename Value="snippetsource.forms.virtualdbtree.pas"/>
        <IsPartOfProject Value="True"/>
        <ComponentName Value="frmVirtualDBTree"/>
        <HasResources Value="True"/>
        <ResourceBaseClass Value="Form"/>
        <UnitName Value="SnippetSource.Forms.VirtualDBTree"/>
        <EditorIndex Value="-1"/>
        <TopLine Value="78"/>
        <CursorPos X="84" Y="63"/>
        <UsageCount Value="243"/>
        <DefaultSyntaxHighlighter Value="Delphi"/>
      </Unit2>
      <Unit3>
        <Filename Value="snippetsource_modules_data.pas"/>
        <ComponentName Value="dmMain"/>
        <HasResources Value="True"/>
        <ResourceBaseClass Value="DataModule"/>
        <UnitName Value="SnippetSource_Modules_Data"/>
        <EditorIndex Value="-1"/>
        <CursorPos X="117" Y="25"/>
        <UsageCount Value="170"/>
        <DefaultSyntaxHighlighter Value="Delphi"/>
      </Unit3>
      <Unit4>
        <Filename Value="snippetsource.forms.lookup.pas"/>
        <IsPartOfProject Value="True"/>
        <ComponentName Value="frmLookup"/>
        <HasResources Value="True"/>
        <ResourceBaseClass Value="Form"/>
        <UnitName Value="SnippetSource.Forms.Lookup"/>
        <EditorIndex Value="-1"/>
        <TopLine Value="124"/>
        <CursorPos X="62" Y="153"/>
        <UsageCount Value="201"/>
        <DefaultSyntaxHighlighter Value="Delphi"/>
      </Unit4>
      <Unit5>
        <Filename Value="snippetsource.forms.sqllog.pas"/>
        <ComponentName Value="frmSQLLog"/>
        <HasResources Value="True"/>
        <ResourceBaseClass Value="Form"/>
        <UnitName Value="SnippetSource.Forms.SQLLog"/>
        <EditorIndex Value="-1"/>
        <TopLine Value="25"/>
        <CursorPos X="62" Y="51"/>
        <UsageCount Value="189"/>
        <DefaultSyntaxHighlighter Value="Delphi"/>
      </Unit5>
      <Unit6>
        <Filename Value="snippetsource.forms.settingsdialog.pas"/>
        <IsPartOfProject Value="True"/>
        <ComponentName Value="frmSettingsDialog"/>
        <HasResources Value="True"/>
        <ResourceBaseClass Value="Form"/>
        <UnitName Value="SnippetSource.Forms.SettingsDialog"/>
        <EditorIndex Value="-1"/>
        <TopLine Value="169"/>
        <CursorPos X="65" Y="191"/>
        <UsageCount Value="200"/>
        <DefaultSyntaxHighlighter Value="Delphi"/>
      </Unit6>
      <Unit7>
        <Filename Value="snippetsource.interfaces.pas"/>
        <IsPartOfProject Value="True"/>
        <UnitName Value="SnippetSource.Interfaces"/>
        <EditorIndex Value="-1"/>
        <TopLine Value="188"/>
        <CursorPos X="30" Y="220"/>
        <FoldState Value=" TJW575w"/>
        <UsageCount Value="200"/>
        <DefaultSyntaxHighlighter Value="Delphi"/>
      </Unit7>
      <Unit8>
        <Filename Value="..\..\components\tslib\editor\search\ts.editor.search.toolview.pas"/>
        <UnitName Value="ts.Editor.Search.ToolView"/>
        <EditorIndex Value="-1"/>
        <TopLine Value="133"/>
        <CursorPos X="31" Y="169"/>
        <UsageCount Value="33"/>
      </Unit8>
      <Unit9>
        <Filename Value="..\..\components\tslib\editor\filter\ts.editor.filter.toolview.pas"/>
        <UnitName Value="ts.Editor.filter.ToolView"/>
        <EditorIndex Value="-1"/>
        <TopLine Value="129"/>
        <CursorPos X="50" Y="159"/>
        <UsageCount Value="38"/>
      </Unit9>
      <Unit10>
        <Filename Value="..\..\components\tslib\core\ts.core.brre.pas"/>
        <UnitName Value="ts.Core.BRRE"/>
        <EditorIndex Value="-1"/>
        <TopLine Value="575"/>
        <CursorPos X="29" Y="630"/>
        <UsageCount Value="48"/>
      </Unit10>
      <Unit11>
        <Filename Value="..\..\components\tslib\richeditor\ts.richeditor.interfaces.pas"/>
        <UnitName Value="ts.RichEditor.Interfaces"/>
        <EditorIndex Value="3"/>
        <TopLine Value="43"/>
        <CursorPos X="7" Y="92"/>
        <UsageCount Value="57"/>
        <Loaded Value="True"/>
      </Unit11>
      <Unit12>
        <Filename Value="..\..\components\tslib\richeditor\ts.richeditor.view.kmemo.pas"/>
        <ComponentName Value="RichEditorViewKMemo"/>
        <HasResources Value="True"/>
        <ResourceBaseClass Value="Form"/>
        <UnitName Value="ts.RichEditor.View.KMemo"/>
        <EditorIndex Value="2"/>
        <TopLine Value="795"/>
        <CursorPos Y="649"/>
        <UsageCount Value="100"/>
        <Loaded Value="True"/>
      </Unit12>
      <Unit13>
        <Filename Value="..\..\components\tslib\core\ts.core.logger.channel.pas"/>
        <UnitName Value="ts.Core.Logger.Channel"/>
        <EditorIndex Value="-1"/>
        <TopLine Value="118"/>
        <CursorPos Y="151"/>
        <UsageCount Value="66"/>
      </Unit13>
      <Unit14>
        <Filename Value="..\..\components\tslib\core\ts.core.logger.base.pas"/>
        <UnitName Value="ts.Core.Logger.Base"/>
        <EditorIndex Value="6"/>
        <TopLine Value="550"/>
        <CursorPos Y="583"/>
        <UsageCount Value="67"/>
        <Loaded Value="True"/>
      </Unit14>
      <Unit15>
        <Filename Value="..\..\components\tslib\core\ts.core.logger.channel.ipc.pas"/>
        <UnitName Value="ts.Core.Logger.Channel.Ipc"/>
        <EditorIndex Value="-1"/>
        <TopLine Value="111"/>
        <CursorPos X="80" Y="172"/>
        <UsageCount Value="67"/>
      </Unit15>
      <Unit16>
        <Filename Value="..\..\components\tslib\core\ts.core.logger.pas"/>
        <UnitName Value="ts.Core.Logger"/>
        <EditorIndex Value="-1"/>
        <CursorPos X="57" Y="22"/>
        <UsageCount Value="52"/>
      </Unit16>
      <Unit17>
        <Filename Value="..\..\..\fpcsrc\rtl\inc\objpas.inc"/>
        <EditorIndex Value="-1"/>
        <TopLine Value="252"/>
        <CursorPos Y="283"/>
        <UsageCount Value="3"/>
      </Unit17>
      <Unit18>
        <Filename Value="..\..\..\fpcsrc\rtl\objpas\classes\classesh.inc"/>
        <EditorIndex Value="-1"/>
        <TopLine Value="78"/>
        <CursorPos X="3" Y="102"/>
        <UsageCount Value="45"/>
      </Unit18>
      <Unit19>
        <Filename Value="..\..\components\tslib\core\ts.core.logger.interfaces.pas"/>
        <UnitName Value="ts.Core.Logger.Interfaces"/>
        <EditorIndex Value="-1"/>
        <TopLine Value="217"/>
        <CursorPos X="53" Y="262"/>
        <UsageCount Value="34"/>
      </Unit19>
      <Unit20>
        <Filename Value="..\..\components\tslib\core\ts.core.value.pas"/>
        <UnitName Value="ts.Core.Value"/>
        <EditorIndex Value="-1"/>
        <TopLine Value="1228"/>
        <CursorPos X="86" Y="1264"/>
        <UsageCount Value="98"/>
      </Unit20>
      <Unit21>
        <Filename Value="..\..\components\tslib\editor\ts.editor.manager.pas"/>
        <ComponentName Value="dmEditorManager"/>
        <HasResources Value="True"/>
        <ResourceBaseClass Value="DataModule"/>
        <UnitName Value="ts.Editor.Manager"/>
        <EditorIndex Value="-1"/>
        <TopLine Value="1163"/>
        <CursorPos Y="1195"/>
        <UsageCount Value="95"/>
      </Unit21>
      <Unit22>
        <Filename Value="snippetsource.modules.data.pas"/>
        <IsPartOfProject Value="True"/>
        <ComponentName Value="dmSnippetSource"/>
        <HasResources Value="True"/>
        <ResourceBaseClass Value="DataModule"/>
        <UnitName Value="SnippetSource.Modules.Data"/>
        <EditorIndex Value="-1"/>
        <TopLine Value="421"/>
        <CursorPos X="89" Y="441"/>
        <UsageCount Value="202"/>
        <DefaultSyntaxHighlighter Value="Delphi"/>
      </Unit22>
      <Unit23>
        <Filename Value="..\..\..\fpcsrc\rtl\objpas\fgl.pp"/>
        <EditorIndex Value="-1"/>
        <TopLine Value="325"/>
        <CursorPos X="24" Y="328"/>
        <UsageCount Value="75"/>
      </Unit23>
      <Unit24>
        <Filename Value="..\..\..\fpcsrc\packages\fcl-db\src\base\db.pas"/>
        <EditorIndex Value="-1"/>
        <TopLine Value="189"/>
        <CursorPos X="15" Y="220"/>
        <UsageCount Value="45"/>
      </Unit24>
      <Unit25>
        <Filename Value="..\..\components\tslib\core\ts.core.fileassociations.pas"/>
        <UnitName Value="ts.Core.FileAssociations"/>
        <EditorIndex Value="-1"/>
        <TopLine Value="634"/>
        <UsageCount Value="42"/>
      </Unit25>
      <Unit26>
        <Filename Value="..\..\components\tslib\core\ts.core.datatemplates.pas"/>
        <UnitName Value="ts.Core.DataTemplates"/>
        <EditorIndex Value="-1"/>
        <TopLine Value="156"/>
        <CursorPos X="18" Y="187"/>
        <UsageCount Value="48"/>
      </Unit26>
      <Unit27>
        <Filename Value="..\..\components\tslib\core\ts.core.treeviewpresenter.pas"/>
        <UnitName Value="ts.Core.TreeViewPresenter"/>
        <EditorIndex Value="-1"/>
        <TopLine Value="396"/>
        <CursorPos X="11" Y="427"/>
        <UsageCount Value="48"/>
      </Unit27>
      <Unit28>
        <Filename Value="..\..\components\tslib\core\ts.core.nativexml.objectstorage.pas"/>
        <UnitName Value="ts.Core.NativeXml.ObjectStorage"/>
        <EditorIndex Value="-1"/>
        <TopLine Value="55"/>
        <CursorPos X="11" Y="86"/>
        <UsageCount Value="48"/>
      </Unit28>
      <Unit29>
        <Filename Value="..\..\components\tslib\core\ts.core.nativexml.pas"/>
        <UnitName Value="ts.Core.NativeXml"/>
        <EditorIndex Value="-1"/>
        <TopLine Value="2178"/>
        <CursorPos X="21" Y="2209"/>
        <UsageCount Value="48"/>
      </Unit29>
      <Unit30>
        <Filename Value="..\..\components\tslib\components\ts.components.docking.pas"/>
        <UnitName Value="ts.Components.Docking"/>
        <EditorIndex Value="-1"/>
        <TopLine Value="82"/>
        <CursorPos X="11" Y="113"/>
        <UsageCount Value="48"/>
      </Unit30>
      <Unit31>
        <Filename Value="..\..\components\tslib\components\ts.components.xmltree.pas"/>
        <UnitName Value="ts.Components.XMLTree"/>
        <EditorIndex Value="-1"/>
        <TopLine Value="22"/>
        <CursorPos X="18" Y="53"/>
        <UsageCount Value="48"/>
      </Unit31>
      <Unit32>
        <Filename Value="..\..\components\tslib\editor\ts.editor.utils.pas"/>
        <UnitName Value="ts.Editor.Utils"/>
        <EditorIndex Value="-1"/>
        <TopLine Value="4"/>
        <CursorPos X="11" Y="35"/>
        <UsageCount Value="48"/>
      </Unit32>
      <Unit33>
        <Filename Value="..\..\components\tslib\editor\settings\ts.editor.tools.settings.pas"/>
        <UnitName Value="ts.Editor.Tools.Settings"/>
        <EditorIndex Value="-1"/>
        <TopLine Value="26"/>
        <CursorPos X="11" Y="57"/>
        <UsageCount Value="63"/>
      </Unit33>
      <Unit34>
        <Filename Value="..\..\components\tslib\editor\ts.editor.selection.pas"/>
        <UnitName Value="ts.Editor.Selection"/>
        <EditorIndex Value="-1"/>
        <TopLine Value="253"/>
        <CursorPos X="38" Y="269"/>
        <UsageCount Value="63"/>
      </Unit34>
      <Unit35>
        <Filename Value="..\..\components\tslib\editor\ts.editor.toolview.manager.pas"/>
        <UnitName Value="ts.Editor.ToolView.Manager"/>
        <EditorIndex Value="-1"/>
        <TopLine Value="223"/>
        <CursorPos X="17" Y="45"/>
        <UsageCount Value="63"/>
      </Unit35>
      <Unit36>
        <Filename Value="..\..\components\tslib\editor\search\ts.editor.search.engine.pas"/>
        <UnitName Value="ts.Editor.Search.Engine"/>
        <EditorIndex Value="-1"/>
        <TopLine Value="23"/>
        <CursorPos X="11" Y="54"/>
        <UsageCount Value="31"/>
      </Unit36>
      <Unit37>
        <Filename Value="..\..\components\tslib\editor\settings\ts.editor.settings.pas"/>
        <UnitName Value="ts.Editor.Settings"/>
        <EditorIndex Value="-1"/>
        <TopLine Value="31"/>
        <CursorPos X="3" Y="62"/>
        <UsageCount Value="31"/>
      </Unit37>
      <Unit38>
        <Filename Value="..\..\components\tslib\editor\ts.editor.view.pas"/>
        <ComponentName Value="EditorView"/>
        <HasResources Value="True"/>
        <ResourceBaseClass Value="Form"/>
        <UnitName Value="ts.Editor.View"/>
        <EditorIndex Value="8"/>
        <TopLine Value="2044"/>
        <CursorPos X="30" Y="2263"/>
        <UsageCount Value="77"/>
        <Loaded Value="True"/>
      </Unit38>
      <Unit39>
        <Filename Value="..\..\components\tslib\editor\alignlines\ts.editor.alignlines.toolview.pas"/>
        <UnitName Value="ts.Editor.AlignLines.ToolView"/>
        <EditorIndex Value="-1"/>
        <TopLine Value="4"/>
        <CursorPos X="11" Y="35"/>
        <UsageCount Value="31"/>
      </Unit39>
      <Unit40>
        <Filename Value="..\..\components\tslib\editor\settingsdialog\ts.editor.settingsdialog.old.pas"/>
        <UnitName Value="ts.Editor.SettingsDialog.Old"/>
        <EditorIndex Value="-1"/>
        <TopLine Value="4"/>
        <CursorPos X="56" Y="33"/>
        <UsageCount Value="30"/>
      </Unit40>
      <Unit41>
        <Filename Value="snippetsource.forms.grid.pas"/>
        <IsPartOfProject Value="True"/>
        <ComponentName Value="frmGrid"/>
        <HasResources Value="True"/>
        <ResourceBaseClass Value="Form"/>
        <UnitName Value="SnippetSource.Forms.Grid"/>
        <EditorIndex Value="-1"/>
        <TopLine Value="146"/>
        <CursorPos X="48" Y="80"/>
        <UsageCount Value="202"/>
        <DefaultSyntaxHighlighter Value="Delphi"/>
      </Unit41>
      <Unit42>
        <Filename Value="..\..\..\fpcsrc\packages\fcl-process\src\simpleipc.pp"/>
        <EditorIndex Value="-1"/>
        <CursorPos X="3" Y="30"/>
        <UsageCount Value="62"/>
      </Unit42>
      <Unit43>
        <Filename Value="..\..\..\lazarus\lcl\menus.pp"/>
        <UnitName Value="Menus"/>
        <EditorIndex Value="-1"/>
        <TopLine Value="399"/>
        <CursorPos X="19" Y="430"/>
        <UsageCount Value="25"/>
      </Unit43>
      <Unit44>
        <Filename Value="..\..\..\lazarus\lcl\lclproc.pas"/>
        <UnitName Value="LCLProc"/>
        <EditorIndex Value="-1"/>
        <CursorPos X="13" Y="19"/>
        <UsageCount Value="4"/>
      </Unit44>
      <Unit45>
        <Filename Value="..\..\components\tslib\core\rtti.pas"/>
        <UnitName Value="Rtti"/>
        <EditorIndex Value="-1"/>
        <TopLine Value="552"/>
        <CursorPos X="98" Y="564"/>
        <UsageCount Value="4"/>
      </Unit45>
      <Unit46>
        <Filename Value="..\..\components\tslib\core\typinfo.pas"/>
        <UnitName Value="TypInfo"/>
        <EditorIndex Value="-1"/>
        <TopLine Value="201"/>
        <CursorPos X="17" Y="232"/>
        <UsageCount Value="4"/>
      </Unit46>
      <Unit47>
        <Filename Value="snippetsource.settings.pas"/>
        <IsPartOfProject Value="True"/>
        <UnitName Value="SnippetSource.Settings"/>
        <EditorIndex Value="-1"/>
        <TopLine Value="151"/>
        <CursorPos X="55" Y="159"/>
        <UsageCount Value="200"/>
        <DefaultSyntaxHighlighter Value="Delphi"/>
      </Unit47>
      <Unit48>
        <Filename Value="snippetsource.forms.console.pas"/>
        <IsPartOfProject Value="True"/>
        <ComponentName Value="frmConsole"/>
        <HasResources Value="True"/>
        <ResourceBaseClass Value="Form"/>
        <UnitName Value="SnippetSource.Forms.Console"/>
        <EditorIndex Value="-1"/>
        <TopLine Value="83"/>
        <CursorPos X="35" Y="27"/>
        <UsageCount Value="201"/>
        <DefaultSyntaxHighlighter Value="Delphi"/>
      </Unit48>
      <Unit49>
        <Filename Value="..\..\components\tslib\editor\selectioninfo\ts.editor.selectioninfo.toolview.pas"/>
        <UnitName Value="ts.Editor.SelectionInfo.ToolView"/>
        <EditorIndex Value="-1"/>
        <TopLine Value="58"/>
        <CursorPos X="15" Y="87"/>
        <UsageCount Value="54"/>
      </Unit49>
      <Unit50>
        <Filename Value="..\..\components\tslib\editor\structure\ts.editor.structure.toolview.pas"/>
        <UnitName Value="ts.Editor.Structure.ToolView"/>
        <EditorIndex Value="-1"/>
        <TopLine Value="25"/>
        <CursorPos X="3" Y="56"/>
        <UsageCount Value="22"/>
      </Unit50>
      <Unit51>
        <Filename Value="..\..\components\tslib\editor\ts.editor.codeformatters.pas"/>
        <UnitName Value="ts.Editor.CodeFormatters"/>
        <EditorIndex Value="-1"/>
        <TopLine Value="62"/>
        <CursorPos X="17" Y="93"/>
        <UsageCount Value="54"/>
      </Unit51>
      <Unit52>
        <Filename Value="..\..\components\tslib\components\ts.components.dbgridview.pas"/>
        <UnitName Value="ts.Components.DBGridView"/>
        <EditorIndex Value="-1"/>
        <TopLine Value="2025"/>
        <CursorPos Y="2055"/>
        <UsageCount Value="22"/>
      </Unit52>
      <Unit53>
        <Filename Value="..\..\components\tslib\components\ts.components.exportrtf.pas"/>
        <UnitName Value="ts.Components.ExportRTF"/>
        <EditorIndex Value="-1"/>
        <TopLine Value="212"/>
        <CursorPos X="33" Y="243"/>
        <UsageCount Value="22"/>
      </Unit53>
      <Unit54>
        <Filename Value="..\..\components\tslib\components\ts.components.synminimap.pas"/>
        <UnitName Value="ts.Components.SynMiniMap"/>
        <EditorIndex Value="-1"/>
        <TopLine Value="398"/>
        <CursorPos X="47" Y="417"/>
        <UsageCount Value="22"/>
      </Unit54>
      <Unit55>
        <Filename Value="..\..\components\tslib\richeditor\ts.richeditor.view.kmemo.lfm"/>
        <EditorIndex Value="-1"/>
        <UsageCount Value="4"/>
        <DefaultSyntaxHighlighter Value="LFM"/>
      </Unit55>
      <Unit56>
        <Filename Value="..\..\components\tslib\tslib_components.pas"/>
        <EditorIndex Value="-1"/>
        <CursorPos X="29" Y="11"/>
        <UsageCount Value="54"/>
      </Unit56>
      <Unit57>
        <Filename Value="..\..\..\fpcsrc\packages\fcl-process\src\winall\simpleipc.inc"/>
        <EditorIndex Value="-1"/>
        <TopLine Value="340"/>
        <CursorPos X="65" Y="317"/>
        <UsageCount Value="32"/>
      </Unit57>
      <Unit58>
        <Filename Value="..\..\components\tslib\core\ts.core.helpers.pas"/>
        <UnitName Value="ts.Core.Helpers"/>
        <EditorIndex Value="-1"/>
        <TopLine Value="434"/>
        <CursorPos X="65" Y="474"/>
        <UsageCount Value="50"/>
      </Unit58>
      <Unit59>
        <Filename Value="..\..\components\tslib\core\ts.core.directorywatch.pas"/>
        <UnitName Value="ts.Core.DirectoryWatch"/>
        <EditorIndex Value="-1"/>
        <UsageCount Value="42"/>
      </Unit59>
      <Unit60>
        <Filename Value="..\..\components\tslib\core\ts.core.componentinspector.pas"/>
        <ComponentName Value="ComponentInspectorForm"/>
        <HasResources Value="True"/>
        <ResourceBaseClass Value="Form"/>
        <UnitName Value="ts.Core.ComponentInspector"/>
        <EditorIndex Value="-1"/>
        <TopLine Value="345"/>
        <CursorPos X="104" Y="84"/>
        <UsageCount Value="94"/>
      </Unit60>
      <Unit61>
        <Filename Value="..\..\components\tslib\core\ts.core.brreunicode.pas"/>
        <UnitName Value="ts.Core.BRREUnicode"/>
        <EditorIndex Value="-1"/>
        <UsageCount Value="27"/>
      </Unit61>
      <Unit62>
        <Filename Value="snippetsource.forms.query.pas"/>
        <IsPartOfProject Value="True"/>
        <ComponentName Value="frmQuery"/>
        <HasResources Value="True"/>
        <ResourceBaseClass Value="Form"/>
        <UnitName Value="SnippetSource.Forms.Query"/>
        <EditorIndex Value="-1"/>
        <TopLine Value="6"/>
        <CursorPos X="5" Y="36"/>
        <UsageCount Value="200"/>
        <DefaultSyntaxHighlighter Value="Delphi"/>
      </Unit62>
      <Unit63>
        <Filename Value="snippetsource.resources.pas"/>
        <IsPartOfProject Value="True"/>
        <UnitName Value="SnippetSource.Resources"/>
        <EditorIndex Value="10"/>
        <CursorPos X="57" Y="6"/>
        <UsageCount Value="200"/>
        <Loaded Value="True"/>
        <DefaultSyntaxHighlighter Value="Delphi"/>
      </Unit63>
      <Unit64>
        <Filename Value="snippetsource.virtualtree.editors.pas"/>
        <IsPartOfProject Value="True"/>
        <UnitName Value="SnippetSource.VirtualTree.Editors"/>
        <EditorIndex Value="-1"/>
        <TopLine Value="150"/>
        <CursorPos X="106" Y="167"/>
        <UsageCount Value="200"/>
        <DefaultSyntaxHighlighter Value="Delphi"/>
      </Unit64>
      <Unit65>
        <Filename Value="..\..\..\fpcsrc\packages\fcl-db\src\sqldb\sqldb.pp"/>
        <EditorIndex Value="-1"/>
        <TopLine Value="63"/>
        <CursorPos X="3" Y="94"/>
        <UsageCount Value="36"/>
      </Unit65>
      <Unit66>
        <Filename Value="..\..\..\config_lazarus\onlinepackagemanager\packages\virtualtreeview-5.5.3-R1\VirtualTrees.pas"/>
        <EditorIndex Value="-1"/>
        <TopLine Value="28207"/>
        <CursorPos Y="28238"/>
        <UsageCount Value="77"/>
      </Unit66>
      <Unit67>
        <Filename Value="..\..\..\lazarus\components\lazutils\fileutil.inc"/>
        <EditorIndex Value="-1"/>
        <TopLine Value="100"/>
        <CursorPos Y="146"/>
        <UsageCount Value="27"/>
      </Unit67>
      <Unit68>
        <Filename Value="..\..\components\tslib\core\ts.core.versioninfo.pas"/>
        <UnitName Value="ts.Core.VersionInfo"/>
        <EditorIndex Value="-1"/>
        <TopLine Value="116"/>
        <CursorPos X="3" Y="30"/>
        <UsageCount Value="3"/>
      </Unit68>
      <Unit69>
        <Filename Value="..\..\components\tslib\editor\ts.editor.commands.pas"/>
        <UnitName Value="ts.Editor.Commands"/>
        <IsVisibleTab Value="True"/>
        <EditorIndex Value="7"/>
        <TopLine Value="624"/>
        <CursorPos X="17" Y="572"/>
        <UsageCount Value="24"/>
        <Loaded Value="True"/>
      </Unit69>
      <Unit70>
        <Filename Value="..\..\..\fpcsrc\rtl\objpas\classes\action.inc"/>
        <EditorIndex Value="-1"/>
        <TopLine Value="89"/>
        <CursorPos Y="120"/>
        <UsageCount Value="0"/>
      </Unit70>
      <Unit71>
        <Filename Value="..\..\components\tslib\editor\ts.editor.interfaces.pas"/>
        <UnitName Value="ts.Editor.Interfaces"/>
        <EditorIndex Value="-1"/>
        <TopLine Value="261"/>
        <CursorPos X="5" Y="440"/>
        <UsageCount Value="23"/>
      </Unit71>
      <Unit72>
        <Filename Value="..\..\components\tslib\editor\ts.editor.events.pas"/>
        <UnitName Value="ts.Editor.Events"/>
        <EditorIndex Value="-1"/>
        <TopLine Value="485"/>
        <CursorPos X="41" Y="545"/>
        <UsageCount Value="12"/>
      </Unit72>
      <Unit73>
        <Filename Value="..\..\..\lazarus\components\synedit\synedit.pp"/>
        <UnitName Value="SynEdit"/>
        <EditorIndex Value="-1"/>
        <TopLine Value="230"/>
        <CursorPos Y="244"/>
        <UsageCount Value="2"/>
      </Unit73>
      <Unit74>
        <Filename Value="..\..\components\tslib\editor\ts.editor.highlighters.pas"/>
        <UnitName Value="ts.Editor.Highlighters"/>
        <EditorIndex Value="-1"/>
        <UsageCount Value="1"/>
      </Unit74>
      <Unit75>
        <Filename Value="..\..\..\config_lazarus\onlinepackagemanager\packages\kcontrols\source\kmemo.pas"/>
        <EditorIndex Value="-1"/>
        <TopLine Value="6089"/>
        <CursorPos Y="6119"/>
        <UsageCount Value="21"/>
      </Unit75>
      <Unit76>
        <Filename Value="..\..\components\tslib\editor\ts.editor.resources.pas"/>
        <UnitName Value="ts.Editor.Resources"/>
        <EditorIndex Value="-1"/>
        <UsageCount Value="13"/>
      </Unit76>
      <Unit77>
        <Filename Value="..\..\components\tslib\editor\ts.editor.types.pas"/>
        <UnitName Value="ts.Editor.Types"/>
        <EditorIndex Value="-1"/>
        <TopLine Value="25"/>
        <UsageCount Value="13"/>
      </Unit77>
      <Unit78>
        <Filename Value="..\..\..\lazarus\components\lazutils\lazfileutils.pas"/>
        <UnitName Value="LazFileUtils"/>
        <EditorIndex Value="-1"/>
        <TopLine Value="98"/>
        <CursorPos X="71" Y="129"/>
        <UsageCount Value="8"/>
      </Unit78>
      <Unit79>
        <Filename Value="..\..\..\lazarus\components\synedit\synedithighlighterfoldbase.pas"/>
        <UnitName Value="SynEditHighlighterFoldBase"/>
        <EditorIndex Value="-1"/>
        <TopLine Value="2111"/>
        <CursorPos X="27" Y="2142"/>
        <UsageCount Value="13"/>
      </Unit79>
      <Unit80>
        <Filename Value="..\..\components\tslib\richeditor\ts.richeditor.manager.pas"/>
        <ComponentName Value="dmRichEditorManager"/>
        <HasResources Value="True"/>
        <ResourceBaseClass Value="DataModule"/>
        <UnitName Value="ts.RichEditor.Manager"/>
        <EditorIndex Value="-1"/>
        <TopLine Value="283"/>
        <CursorPos Y="316"/>
        <UsageCount Value="68"/>
      </Unit80>
      <Unit81>
        <Filename Value="..\..\components\tslib\richeditor\ts.richeditor.events.pas"/>
        <UnitName Value="ts.RichEditor.Events"/>
        <EditorIndex Value="-1"/>
        <TopLine Value="141"/>
        <CursorPos X="95" Y="160"/>
        <UsageCount Value="10"/>
      </Unit81>
      <Unit82>
        <Filename Value="..\..\components\tslib\richeditor\ts.richeditor.factories.menus.pas"/>
        <UnitName Value="ts.RichEditor.Factories.Menus"/>
        <EditorIndex Value="-1"/>
        <CursorPos X="14" Y="38"/>
        <UsageCount Value="10"/>
      </Unit82>
      <Unit83>
        <Filename Value="..\..\components\tslib\richeditor\ts.richeditor.factories.pas"/>
        <UnitName Value="ts.RichEditor.Factories"/>
        <EditorIndex Value="1"/>
        <TopLine Value="49"/>
        <CursorPos X="50" Y="40"/>
        <UsageCount Value="71"/>
        <Loaded Value="True"/>
      </Unit83>
      <Unit84>
        <Filename Value="..\..\components\tslib\richeditor\ts.richeditor.types.pas"/>
        <UnitName Value="ts.RichEditor.Types"/>
        <EditorIndex Value="-1"/>
        <UsageCount Value="10"/>
      </Unit84>
      <Unit85>
        <Filename Value="..\..\components\tslib\richeditor\ts.richeditor.settings.pas"/>
        <UnitName Value="ts.RichEditor.Settings"/>
        <EditorIndex Value="-1"/>
        <UsageCount Value="8"/>
      </Unit85>
      <Unit86>
        <Filename Value="..\..\components\tslib\richeditor\ts.richeditor.factories.toolbars.pas"/>
        <UnitName Value="ts.RichEditor.Factories.Toolbars"/>
        <EditorIndex Value="-1"/>
        <TopLine Value="106"/>
        <CursorPos X="88" Y="165"/>
        <UsageCount Value="8"/>
      </Unit86>
      <Unit87>
        <Filename Value="..\..\components\tslib\richeditor\ts.richeditor.manager.lfm"/>
        <EditorIndex Value="-1"/>
        <UsageCount Value="8"/>
        <DefaultSyntaxHighlighter Value="LFM"/>
      </Unit87>
      <Unit88>
        <Filename Value="..\..\..\config_lazarus\onlinepackagemanager\packages\kcontrols\demos\kmemoeditor\Main.pas"/>
        <EditorIndex Value="-1"/>
        <CursorPos X="80" Y="34"/>
        <UsageCount Value="8"/>
        <DefaultSyntaxHighlighter Value="Delphi"/>
      </Unit88>
      <Unit89>
        <Filename Value="..\..\..\config_lazarus\onlinepackagemanager\packages\kcontrols\source\kmemofrm.pas"/>
        <ComponentName Value="KMemoFrame"/>
        <HasResources Value="True"/>
        <ResourceBaseClass Value="Frame"/>
        <EditorIndex Value="-1"/>
        <CursorPos X="15" Y="12"/>
        <UsageCount Value="8"/>
      </Unit89>
      <Unit90>
        <Filename Value="..\..\..\fpcsrc\rtl\objpas\math.pp"/>
        <EditorIndex Value="-1"/>
        <TopLine Value="136"/>
        <CursorPos X="10" Y="167"/>
        <UsageCount Value="8"/>
      </Unit90>
      <Unit91>
        <Filename Value="..\..\components\tslib\editor\ts.editor.aboutdialog.pas"/>
        <ComponentName Value="frmAbout"/>
        <HasResources Value="True"/>
        <ResourceBaseClass Value="Form"/>
        <UnitName Value="ts.Editor.AboutDialog"/>
        <EditorIndex Value="-1"/>
        <TopLine Value="49"/>
        <CursorPos X="54" Y="55"/>
        <UsageCount Value="7"/>
      </Unit91>
      <Unit92>
        <Filename Value="..\..\..\config_lazarus\onlinepackagemanager\packages\kcontrols\demos\kmemoeditor\KMemoEditorLaz.lpr"/>
        <EditorIndex Value="-1"/>
        <UsageCount Value="7"/>
        <DefaultSyntaxHighlighter Value="Delphi"/>
      </Unit92>
      <Unit93>
        <Filename Value="..\..\..\lazarus\lcl\dbgrids.pas"/>
        <UnitName Value="DBGrids"/>
        <EditorIndex Value="-1"/>
        <TopLine Value="2007"/>
        <CursorPos Y="2038"/>
        <UsageCount Value="8"/>
      </Unit93>
      <Unit94>
        <Filename Value="..\..\..\lazarus\lcl\include\picture.inc"/>
        <EditorIndex Value="-1"/>
        <TopLine Value="564"/>
        <CursorPos Y="595"/>
        <UsageCount Value="78"/>
      </Unit94>
      <Unit95>
        <Filename Value="..\..\components\tslib\components\ts.components.virtualdbtreeex.pas"/>
        <UnitName Value="ts.Components.VirtualDBTreeEx"/>
        <EditorIndex Value="-1"/>
        <TopLine Value="1521"/>
        <CursorPos X="24" Y="1528"/>
        <UsageCount Value="81"/>
      </Unit95>
      <Unit96>
        <Filename Value="..\..\..\lazarus\lcl\include\imglist.inc"/>
        <EditorIndex Value="-1"/>
        <TopLine Value="1664"/>
        <CursorPos Y="1695"/>
        <UsageCount Value="72"/>
      </Unit96>
      <Unit97>
        <Filename Value="changes.txt"/>
        <IsPartOfProject Value="True"/>
        <EditorIndex Value="4"/>
        <CursorPos X="28" Y="15"/>
        <UsageCount Value="154"/>
        <Loaded Value="True"/>
        <DefaultSyntaxHighlighter Value="None"/>
      </Unit97>
      <Unit98>
        <Filename Value="..\..\..\lazarus\lcl\include\application.inc"/>
        <EditorIndex Value="-1"/>
        <TopLine Value="1063"/>
        <CursorPos Y="1097"/>
        <UsageCount Value="3"/>
      </Unit98>
      <Unit99>
        <Filename Value="..\..\..\lazarus\lcl\forms.pp"/>
        <UnitName Value="Forms"/>
        <EditorIndex Value="-1"/>
        <TopLine Value="1903"/>
        <CursorPos Y="1934"/>
        <UsageCount Value="62"/>
      </Unit99>
      <Unit100>
        <Filename Value="..\..\..\lazarus\lcl\interfaces\win32\win32object.inc"/>
        <EditorIndex Value="-1"/>
        <TopLine Value="394"/>
        <CursorPos Y="423"/>
        <UsageCount Value="62"/>
      </Unit100>
      <Unit101>
        <Filename Value="..\..\..\config_lazarus\onlinepackagemanager\packages\kcontrols\source\kfunctions.pas"/>
        <EditorIndex Value="-1"/>
        <TopLine Value="1443"/>
        <CursorPos X="48" Y="1474"/>
        <UsageCount Value="57"/>
      </Unit101>
      <Unit102>
        <Filename Value="..\..\..\lazarus\components\printers\win32\winprndialogs.inc"/>
        <EditorIndex Value="-1"/>
        <TopLine Value="235"/>
        <CursorPos X="22" Y="266"/>
        <UsageCount Value="57"/>
      </Unit102>
      <Unit103>
        <Filename Value="..\..\components\tslib\core\ts.core.nativexml.win32compat.pas"/>
        <UnitName Value="ts.Core.NativeXml.Win32Compat"/>
        <EditorIndex Value="-1"/>
        <TopLine Value="190"/>
        <CursorPos X="54" Y="221"/>
        <UsageCount Value="54"/>
      </Unit103>
      <Unit104>
        <Filename Value="..\..\..\config_lazarus\onlinepackagemanager\packages\luipack\luicontrols\ide\presentationdescriptors.pas"/>
        <UnitName Value="PresentationDescriptors"/>
        <EditorIndex Value="-1"/>
        <TopLine Value="2"/>
        <CursorPos X="44" Y="33"/>
        <UsageCount Value="54"/>
      </Unit104>
      <Unit105>
        <Filename Value="..\..\components\tslib\tslib_editor.pas"/>
        <EditorIndex Value="-1"/>
        <CursorPos X="3" Y="11"/>
        <UsageCount Value="54"/>
      </Unit105>
      <Unit106>
        <Filename Value="..\..\..\lazarus\lcl\controls.pp"/>
        <UnitName Value="Controls"/>
        <EditorIndex Value="5"/>
        <TopLine Value="3226"/>
        <CursorPos X="24" Y="3260"/>
        <UsageCount Value="59"/>
        <Loaded Value="True"/>
      </Unit106>
      <Unit107>
        <Filename Value="..\..\components\tslib\core\ts.core.utils.pas"/>
        <UnitName Value="ts.Core.Utils"/>
        <EditorIndex Value="-1"/>
        <TopLine Value="250"/>
        <CursorPos X="9" Y="276"/>
        <UsageCount Value="44"/>
      </Unit107>
      <Unit108>
        <Filename Value="..\..\..\fpcsrc\packages\fcl-db\src\base\bufdataset.pas"/>
        <UnitName Value="BufDataset"/>
        <EditorIndex Value="-1"/>
        <TopLine Value="2970"/>
        <CursorPos Y="3000"/>
        <UsageCount Value="6"/>
      </Unit108>
      <Unit109>
        <Filename Value="..\..\..\fpcsrc\rtl\objpas\classes\collect.inc"/>
        <EditorIndex Value="-1"/>
        <TopLine Value="240"/>
        <CursorPos Y="271"/>
        <UsageCount Value="6"/>
      </Unit109>
      <Unit110>
        <Filename Value="..\..\..\fpcsrc\packages\fcl-db\src\base\fields.inc"/>
        <EditorIndex Value="-1"/>
        <TopLine Value="259"/>
        <CursorPos X="3" Y="262"/>
        <UsageCount Value="43"/>
      </Unit110>
      <Unit111>
        <Filename Value="..\..\..\fpcsrc\packages\fcl-db\src\base\dataset.inc"/>
        <EditorIndex Value="-1"/>
        <TopLine Value="1096"/>
        <CursorPos Y="1127"/>
        <UsageCount Value="6"/>
      </Unit111>
      <Unit112>
        <Filename Value="..\..\..\fpcsrc\rtl\objpas\classes\streams.inc"/>
        <EditorIndex Value="-1"/>
        <TopLine Value="705"/>
        <CursorPos X="3" Y="708"/>
        <UsageCount Value="30"/>
      </Unit112>
      <Unit113>
        <Filename Value="..\..\..\components\Python-for-Lazarus\demos_lazarus\Python_Console\formmain.pas"/>
        <ComponentName Value="fmMain"/>
        <HasResources Value="True"/>
        <ResourceBaseClass Value="Form"/>
        <UnitName Value="FormMain"/>
        <EditorIndex Value="-1"/>
        <TopLine Value="46"/>
        <CursorPos X="3" Y="69"/>
        <UsageCount Value="14"/>
        <DefaultSyntaxHighlighter Value="Delphi"/>
      </Unit113>
      <Unit114>
        <Filename Value="..\..\..\components\Python-for-Lazarus\demos_lazarus\Python_Console\formconsole.pas"/>
        <ComponentName Value="fmConsole"/>
        <HasResources Value="True"/>
        <ResourceBaseClass Value="Form"/>
        <EditorIndex Value="-1"/>
        <CursorPos X="15" Y="33"/>
        <UsageCount Value="14"/>
        <DefaultSyntaxHighlighter Value="Delphi"/>
      </Unit114>
      <Unit115>
        <Filename Value="..\..\components\tslib\editor\backup\ts.editor.view.pas"/>
        <UnitName Value="ts.Editor.View"/>
        <EditorIndex Value="-1"/>
        <TopLine Value="1989"/>
        <CursorPos X="38" Y="2014"/>
        <UsageCount Value="13"/>
        <DefaultSyntaxHighlighter Value="Delphi"/>
      </Unit115>
      <Unit116>
        <Filename Value="..\..\..\lazarus\lcl\dbctrls.pp"/>
        <UnitName Value="DBCtrls"/>
        <EditorIndex Value="-1"/>
        <CursorPos X="67" Y="1822"/>
        <UsageCount Value="9"/>
      </Unit116>
      <Unit117>
        <Filename Value="..\..\..\lazarus\components\tachart\tagraph.pas"/>
        <UnitName Value="TAGraph"/>
        <EditorIndex Value="-1"/>
        <UsageCount Value="10"/>
      </Unit117>
      <Unit118>
        <Filename Value="..\..\..\lazarus\components\tachart\tachartutils.pas"/>
        <UnitName Value="TAChartUtils"/>
        <EditorIndex Value="-1"/>
        <TopLine Value="428"/>
        <CursorPos X="14" Y="14"/>
        <UsageCount Value="6"/>
      </Unit118>
      <Unit119>
        <Filename Value="..\..\..\lazarus\components\tachart\tatextelements.pas"/>
        <UnitName Value="TATextElements"/>
        <EditorIndex Value="-1"/>
        <UsageCount Value="10"/>
      </Unit119>
      <Unit120>
        <Filename Value="..\..\..\lazarus\components\tachart\tadrawutils.pas"/>
        <UnitName Value="TADrawUtils"/>
        <EditorIndex Value="-1"/>
        <CursorPos X="3" Y="205"/>
        <UsageCount Value="6"/>
      </Unit120>
      <Unit121>
        <Filename Value="..\..\..\lazarus\components\lazutils\lazmethodlist.pas"/>
        <UnitName Value="LazMethodList"/>
        <EditorIndex Value="-1"/>
        <CursorPos X="19" Y="9"/>
        <UsageCount Value="12"/>
      </Unit121>
      <Unit122>
        <Filename Value="..\..\..\fpcsrc\rtl\objpas\sysutils\sysansih.inc"/>
        <EditorIndex Value="-1"/>
        <CursorPos X="10" Y="15"/>
        <UsageCount Value="22"/>
      </Unit122>
      <Unit123>
        <Filename Value="..\..\..\fpcsrc\rtl\objpas\sysutils\sysansi.inc"/>
        <EditorIndex Value="-1"/>
        <CursorPos X="10" Y="14"/>
        <UsageCount Value="12"/>
      </Unit123>
      <Unit124>
        <Filename Value="..\..\..\components\Python-for-Lazarus\python4lazarus\Sources\Core\PythonEngine.pas"/>
        <EditorIndex Value="-1"/>
        <TopLine Value="9737"/>
        <CursorPos X="21" Y="9755"/>
        <UsageCount Value="20"/>
        <DefaultSyntaxHighlighter Value="Delphi"/>
      </Unit124>
      <Unit125>
        <Filename Value="..\..\components\tslib\editor\ts.editor.factories.pas"/>
        <UnitName Value="ts.Editor.Factories"/>
        <EditorIndex Value="9"/>
        <UsageCount Value="10"/>
        <Loaded Value="True"/>
      </Unit125>
    </Units>
    <JumpHistory Count="20" HistoryIndex="19">
      <Position1>
        <Filename Value="..\..\components\tslib\editor\ts.editor.commands.pas"/>
        <Caret Line="92" Column="14" TopLine="59"/>
      </Position1>
      <Position2>
        <Filename Value="..\..\components\tslib\editor\ts.editor.view.pas"/>
        <Caret Line="1059" Column="59" TopLine="1038"/>
      </Position2>
      <Position3>
        <Filename Value="..\..\components\tslib\editor\ts.editor.factories.pas"/>
        <Caret Line="50" Column="24" TopLine="18"/>
      </Position3>
      <Position4>
        <Filename Value="..\..\components\tslib\editor\ts.editor.factories.pas"/>
        <Caret Line="116" Column="3" TopLine="73"/>
      </Position4>
      <Position5>
        <Filename Value="..\..\components\tslib\editor\ts.editor.factories.pas"/>
        <Caret Line="158" Column="6" TopLine="105"/>
      </Position5>
      <Position6>
        <Filename Value="snippetsource.lpr"/>
        <Caret Line="32" Column="80"/>
      </Position6>
      <Position7>
        <Filename Value="snippetsource.forms.main.pas"/>
        <Caret Line="654" Column="5" TopLine="603"/>
      </Position7>
      <Position8>
        <Filename Value="..\..\components\tslib\richeditor\ts.richeditor.view.kmemo.pas"/>
        <Caret Line="800" Column="58" TopLine="765"/>
      </Position8>
      <Position9>
        <Filename Value="..\..\components\tslib\richeditor\ts.richeditor.view.kmemo.pas"/>
        <Caret Line="347" TopLine="314"/>
      </Position9>
      <Position10>
        <Filename Value="..\..\components\tslib\richeditor\ts.richeditor.view.kmemo.pas"/>
        <Caret Line="228" TopLine="43"/>
      </Position10>
      <Position11>
        <Filename Value="..\..\components\tslib\richeditor\ts.richeditor.interfaces.pas"/>
        <Caret Line="92" Column="7" TopLine="43"/>
      </Position11>
      <Position12>
        <Filename Value="snippetsource.forms.main.pas"/>
        <Caret Line="980" Column="3" TopLine="949"/>
      </Position12>
      <Position13>
        <Filename Value="..\..\components\tslib\richeditor\ts.richeditor.view.kmemo.pas"/>
        <Caret Line="74" Column="54" TopLine="43"/>
      </Position13>
      <Position14>
        <Filename Value="..\..\components\tslib\editor\ts.editor.view.pas"/>
        <Caret Line="1052" Column="20" TopLine="1050"/>
      </Position14>
      <Position15>
        <Filename Value="..\..\components\tslib\editor\ts.editor.commands.pas"/>
        <Caret Line="981" Column="61" TopLine="983"/>
      </Position15>
      <Position16>
        <Filename Value="..\..\components\tslib\editor\ts.editor.commands.pas"/>
        <Caret Line="169" Column="32" TopLine="127"/>
      </Position16>
      <Position17>
        <Filename Value="snippetsource.forms.main.pas"/>
        <Caret Line="972" Column="61" TopLine="949"/>
      </Position17>
      <Position18>
        <Filename Value="..\..\components\tslib\editor\ts.editor.commands.pas"/>
        <Caret Line="403" Column="82" TopLine="548"/>
      </Position18>
      <Position19>
        <Filename Value="..\..\components\tslib\editor\ts.editor.commands.pas"/>
        <Caret Line="209" Column="8" TopLine="178"/>
      </Position19>
      <Position20>
        <Filename Value="..\..\components\tslib\editor\ts.editor.commands.pas"/>
        <Caret Line="210" Column="9" TopLine="178"/>
      </Position20>
    </JumpHistory>
  </ProjectOptions>
  <CompilerOptions>
    <Version Value="11"/>
    <PathDelim Value="\"/>
    <Target>
      <Filename Value="snippetsource"/>
    </Target>
    <SearchPaths>
      <IncludeFiles Value="$(ProjOutDir)"/>
      <UnitOutputDirectory Value="lib\$(TargetCPU)-$(TargetOS)-$(LCLWidgetType)"/>
    </SearchPaths>
    <CodeGeneration>
      <Checks>
        <IOChecks Value="True"/>
        <RangeChecks Value="True"/>
        <OverflowChecks Value="True"/>
      </Checks>
      <TargetOS Value="win32"/>
      <Optimizations>
        <VariablesInRegisters Value="True"/>
      </Optimizations>
    </CodeGeneration>
    <Linking>
      <Options>
        <Win32>
          <GraphicApplication Value="True"/>
        </Win32>
      </Options>
    </Linking>
    <Other>
      <Verbosity>
        <ShowDebugInfo Value="True"/>
        <ShowHintsForUnusedUnitsInMainSrc Value="True"/>
      </Verbosity>
      <CompilerMessages>
        <IgnoredMessages idx5024="True"/>
      </CompilerMessages>
    </Other>
  </CompilerOptions>
  <Debugging>
    <Watches Count="10">
      <Item1>
        <Expression Value="FEditing"/>
      </Item1>
      <Item2>
        <Expression Value="Grid.FEditing"/>
      </Item2>
      <Item3>
        <Expression Value="Components[i].Name"/>
      </Item3>
      <Item4>
        <Expression Value="FEditor.Form"/>
      </Item4>
      <Item5>
        <Expression Value="Pic.GetImageFormat"/>
      </Item5>
      <Item6>
        <Expression Value="Result"/>
      </Item6>
      <Item7>
        <Expression Value="qrySnippet.RecordCount"/>
      </Item7>
      <Item8 ClassAutoCast="True">
        <Expression Value="DataSet"/>
        <DisplayStyle Value="wdfStructure"/>
      </Item8>
      <Item9>
        <Expression Value="DS.State"/>
      </Item9>
      <Item10>
        <Expression Value="FChannels"/>
      </Item10>
    </Watches>
    <Exceptions Count="12">
      <Item1>
        <Name Value="EAbort"/>
      </Item1>
      <Item2>
        <Name Value="ECodetoolError"/>
      </Item2>
      <Item3>
        <Name Value="EFOpenError"/>
      </Item3>
      <Item4>
        <Name Value="EConvertError"/>
      </Item4>
      <Item5>
        <Name Value="EZSQLException"/>
      </Item5>
      <Item6>
        <Name Value="Exception"/>
      </Item6>
      <Item7>
        <Name Value="EZDatabaseError"/>
      </Item7>
      <Item8>
        <Name Value="EVariantTypeCastError"/>
      </Item8>
      <Item9>
        <Name Value="FPImageException"/>
      </Item9>
      <Item10>
        <Name Value="PNGImageException"/>
      </Item10>
      <Item11>
        <Name Value="RunError(210)"/>
      </Item11>
      <Item12>
        <Name Value="EDatabaseError"/>
      </Item12>
    </Exceptions>
  </Debugging>
</CONFIG>
